// !$*UTF8*$!
{
	archiveVersion = 1;
	classes = {
	};
	objectVersion = 70;
	objects = {

/* Begin PBXBuildFile section */
		FB488A2A2D67B96B0067D81F /* Inject in Frameworks */ = {isa = PBXBuildFile; productRef = FB488A292D67B96B0067D81F /* Inject */; };
		FB49A72F2D9D9115007F745D /* GoogleService-Info.plist in Resources */ = {isa = PBXBuildFile; fileRef = FB49A72E2D9D9114007F745D /* GoogleService-Info.plist */; };
		FB49A7322D9D9248007F745D /* FirebaseAnalyticsWithoutAdIdSupport in Frameworks */ = {isa = PBXBuildFile; productRef = FB49A7312D9D9248007F745D /* FirebaseAnalyticsWithoutAdIdSupport */; };
		FB5111C42D9DA5E500776495 /* FirebaseFirestore in Frameworks */ = {isa = PBXBuildFile; productRef = FB5111C32D9DA5E500776495 /* FirebaseFirestore */; };
		FB5111C62D9DA5E500776495 /* FirebaseStorage in Frameworks */ = {isa = PBXBuildFile; productRef = FB5111C52D9DA5E500776495 /* FirebaseStorage */; };
		FB5111D02D9E5CF400776495 /* LocalJSON in Frameworks */ = {isa = PBXBuildFile; productRef = FB5111CF2D9E5CF400776495 /* LocalJSON */; };
		FB6F8B4F2E0FAC6B0003A1F2 /* Logging in Frameworks */ = {isa = PBXBuildFile; productRef = FB6F8B4E2E0FAC6B0003A1F2 /* Logging */; };
		FB6F8B522E0FD1440003A1F2 /* SwiftSoup in Frameworks */ = {isa = PBXBuildFile; productRef = FB6F8B512E0FD1440003A1F2 /* SwiftSoup */; };
		FB7307C82D662F20006261C3 /* CustomKit in Frameworks */ = {isa = PBXBuildFile; productRef = FB7307C72D662F20006261C3 /* CustomKit */; };
		FB7BA85E2DD5CAFA00CFC586 /* Toast in Frameworks */ = {isa = PBXBuildFile; productRef = FB7BA85D2DD5CAFA00CFC586 /* Toast */; };
		FB82D9102DC5B1F500FE2ED6 /* FirebaseMessaging in Frameworks */ = {isa = PBXBuildFile; productRef = FB82D90F2DC5B1F500FE2ED6 /* FirebaseMessaging */; };
		FB82DBD22DC84D2900FE2ED6 /* FirebaseRemoteConfig in Frameworks */ = {isa = PBXBuildFile; productRef = FB82DBD12DC84D2900FE2ED6 /* FirebaseRemoteConfig */; };
		FB8EE7A72D52C49F00EC2D01 /* WebViewAMC in Frameworks */ = {isa = PBXBuildFile; productRef = FB8EE7A62D52C49F00EC2D01 /* WebViewAMC */; };
		FB98F0142DA5D60B00E05F3D /* FirebaseCrashlytics in Frameworks */ = {isa = PBXBuildFile; productRef = FB98F0132DA5D60B00E05F3D /* FirebaseCrashlytics */; };
		FBCC2C302D610DC90040E898 /* Localizable.xcstrings in Resources */ = {isa = PBXBuildFile; fileRef = FBCC2C2F2D610DC90040E898 /* Localizable.xcstrings */; };
		FBE540302DCC25FD00B6E806 /* CryptoSwift in Frameworks */ = {isa = PBXBuildFile; productRef = FBE5402F2DCC25FD00B6E806 /* CryptoSwift */; };
		FBE9C8F02DAB9E7200C78FE1 /* Kingfisher in Frameworks */ = {isa = PBXBuildFile; productRef = FBE9C8EF2DAB9E7200C78FE1 /* Kingfisher */; };
		FBF38D9E2D52685400154888 /* SplashScreenAMC in Frameworks */ = {isa = PBXBuildFile; productRef = FBF38D9D2D52685400154888 /* SplashScreenAMC */; };
		FBF38DA12D526AB500154888 /* WebViewAMC in Frameworks */ = {isa = PBXBuildFile; productRef = FBF38DA02D526AB500154888 /* WebViewAMC */; };
		FBF652E62BA5A1870085C773 /* Navigation in Frameworks */ = {isa = PBXBuildFile; productRef = FBF652E52BA5A1870085C773 /* Navigation */; };
/* End PBXBuildFile section */

/* Begin PBXContainerItemProxy section */
		EF0B9C5C2AA4ECD300B40A40 /* PBXContainerItemProxy */ = {
			isa = PBXContainerItemProxy;
			containerPortal = EF0B9C422AA4ECD100B40A40 /* Project object */;
			proxyType = 1;
			remoteGlobalIDString = EF0B9C492AA4ECD100B40A40;
			remoteInfo = SAES;
		};
		EF0B9C662AA4ECD300B40A40 /* PBXContainerItemProxy */ = {
			isa = PBXContainerItemProxy;
			containerPortal = EF0B9C422AA4ECD100B40A40 /* Project object */;
			proxyType = 1;
			remoteGlobalIDString = EF0B9C492AA4ECD100B40A40;
			remoteInfo = SAES;
		};
/* End PBXContainerItemProxy section */

/* Begin PBXFileReference section */
		EF0B9C4A2AA4ECD100B40A40 /* SAES.app */ = {isa = PBXFileReference; explicitFileType = wrapper.application; includeInIndex = 0; path = SAES.app; sourceTree = BUILT_PRODUCTS_DIR; };
		EF0B9C5B2AA4ECD300B40A40 /* SAESTests.xctest */ = {isa = PBXFileReference; explicitFileType = wrapper.cfbundle; includeInIndex = 0; path = SAESTests.xctest; sourceTree = BUILT_PRODUCTS_DIR; };
		EF0B9C652AA4ECD300B40A40 /* SAESUITests.xctest */ = {isa = PBXFileReference; explicitFileType = wrapper.cfbundle; includeInIndex = 0; path = SAESUITests.xctest; sourceTree = BUILT_PRODUCTS_DIR; };
		FB49A72E2D9D9114007F745D /* GoogleService-Info.plist */ = {isa = PBXFileReference; lastKnownFileType = text.plist.xml; path = "GoogleService-Info.plist"; sourceTree = "<group>"; };
		FBCC2C2F2D610DC90040E898 /* Localizable.xcstrings */ = {isa = PBXFileReference; lastKnownFileType = text.json.xcstrings; path = Localizable.xcstrings; sourceTree = "<group>"; };
/* End PBXFileReference section */

/* Begin PBXFileSystemSynchronizedBuildFileExceptionSet section */
		FB9E8C8E2D52619300E08987 /* PBXFileSystemSynchronizedBuildFileExceptionSet */ = {
			isa = PBXFileSystemSynchronizedBuildFileExceptionSet;
			membershipExceptions = (
				Info.plist,
			);
			target = EF0B9C492AA4ECD100B40A40 /* SAES */;
		};
/* End PBXFileSystemSynchronizedBuildFileExceptionSet section */

/* Begin PBXFileSystemSynchronizedRootGroup section */
		FB9E8B4A2D52614A00E08987 /* SAESUITests */ = {isa = PBXFileSystemSynchronizedRootGroup; explicitFileTypes = {}; explicitFolders = (); path = SAESUITests; sourceTree = "<group>"; };
		FB9E8B512D52614D00E08987 /* SAESTests */ = {isa = PBXFileSystemSynchronizedRootGroup; explicitFileTypes = {}; explicitFolders = (); path = SAESTests; sourceTree = "<group>"; };
		FB9E8C512D52619300E08987 /* SAES */ = {isa = PBXFileSystemSynchronizedRootGroup; exceptions = (FB9E8C8E2D52619300E08987 /* PBXFileSystemSynchronizedBuildFileExceptionSet */, ); explicitFileTypes = {}; explicitFolders = (); path = SAES; sourceTree = "<group>"; };
/* End PBXFileSystemSynchronizedRootGroup section */

/* Begin PBXFrameworksBuildPhase section */
		EF0B9C472AA4ECD100B40A40 /* Frameworks */ = {
			isa = PBXFrameworksBuildPhase;
			buildActionMask = 2147483647;
			files = (
				FB7BA85E2DD5CAFA00CFC586 /* Toast in Frameworks */,
				FBE9C8F02DAB9E7200C78FE1 /* Kingfisher in Frameworks */,
				FBF38D9E2D52685400154888 /* SplashScreenAMC in Frameworks */,
				FB49A7322D9D9248007F745D /* FirebaseAnalyticsWithoutAdIdSupport in Frameworks */,
				FB82DBD22DC84D2900FE2ED6 /* FirebaseRemoteConfig in Frameworks */,
				FB5111D02D9E5CF400776495 /* LocalJSON in Frameworks */,
				FB7307C82D662F20006261C3 /* CustomKit in Frameworks */,
				FB5111C42D9DA5E500776495 /* FirebaseFirestore in Frameworks */,
				FB488A2A2D67B96B0067D81F /* Inject in Frameworks */,
				FBE540302DCC25FD00B6E806 /* CryptoSwift in Frameworks */,
				FBF38DA12D526AB500154888 /* WebViewAMC in Frameworks */,
				FB82D9102DC5B1F500FE2ED6 /* FirebaseMessaging in Frameworks */,
				FB8EE7A72D52C49F00EC2D01 /* WebViewAMC in Frameworks */,
				FB98F0142DA5D60B00E05F3D /* FirebaseCrashlytics in Frameworks */,
				FB5111C62D9DA5E500776495 /* FirebaseStorage in Frameworks */,
				FB6F8B4F2E0FAC6B0003A1F2 /* Logging in Frameworks */,
				FBF652E62BA5A1870085C773 /* Navigation in Frameworks */,
				FB6F8B522E0FD1440003A1F2 /* SwiftSoup in Frameworks */,
			);
			runOnlyForDeploymentPostprocessing = 0;
		};
		EF0B9C582AA4ECD300B40A40 /* Frameworks */ = {
			isa = PBXFrameworksBuildPhase;
			buildActionMask = 2147483647;
			files = (
			);
			runOnlyForDeploymentPostprocessing = 0;
		};
		EF0B9C622AA4ECD300B40A40 /* Frameworks */ = {
			isa = PBXFrameworksBuildPhase;
			buildActionMask = 2147483647;
			files = (
			);
			runOnlyForDeploymentPostprocessing = 0;
		};
/* End PBXFrameworksBuildPhase section */

/* Begin PBXGroup section */
		EF0B9C412AA4ECD100B40A40 = {
			isa = PBXGroup;
			children = (
				FB49A72E2D9D9114007F745D /* GoogleService-Info.plist */,
				FBCC2C2F2D610DC90040E898 /* Localizable.xcstrings */,
				FB9E8C512D52619300E08987 /* SAES */,
				FB9E8B512D52614D00E08987 /* SAESTests */,
				FB9E8B4A2D52614A00E08987 /* SAESUITests */,
				FB82D90E2DC5B1F500FE2ED6 /* Frameworks */,
				EF0B9C4B2AA4ECD100B40A40 /* Products */,
			);
			sourceTree = "<group>";
		};
		EF0B9C4B2AA4ECD100B40A40 /* Products */ = {
			isa = PBXGroup;
			children = (
				EF0B9C4A2AA4ECD100B40A40 /* SAES.app */,
				EF0B9C5B2AA4ECD300B40A40 /* SAESTests.xctest */,
				EF0B9C652AA4ECD300B40A40 /* SAESUITests.xctest */,
			);
			name = Products;
			sourceTree = "<group>";
		};
		FB82D90E2DC5B1F500FE2ED6 /* Frameworks */ = {
			isa = PBXGroup;
			children = (
			);
			name = Frameworks;
			sourceTree = "<group>";
		};
/* End PBXGroup section */

/* Begin PBXNativeTarget section */
		EF0B9C492AA4ECD100B40A40 /* SAES */ = {
			isa = PBXNativeTarget;
			buildConfigurationList = EF0B9C6F2AA4ECD300B40A40 /* Build configuration list for PBXNativeTarget "SAES" */;
			buildPhases = (
				EF0B9C462AA4ECD100B40A40 /* Sources */,
				EF0B9C472AA4ECD100B40A40 /* Frameworks */,
				EF0B9C482AA4ECD100B40A40 /* Resources */,
				EF1F419C2AB1876C002CEBAE /* ShellScript */,
				FB98F0152DA5D78600E05F3D /* ShellScript */,
			);
			buildRules = (
			);
			dependencies = (
			);
			fileSystemSynchronizedGroups = (
				FB9E8C512D52619300E08987 /* SAES */,
			);
			name = SAES;
			packageProductDependencies = (
				FBF652E52BA5A1870085C773 /* Navigation */,
				FBF38D9D2D52685400154888 /* SplashScreenAMC */,
				FBF38DA02D526AB500154888 /* WebViewAMC */,
				FB8EE7A62D52C49F00EC2D01 /* WebViewAMC */,
				FB7307C72D662F20006261C3 /* CustomKit */,
				FB488A292D67B96B0067D81F /* Inject */,
				FB49A7312D9D9248007F745D /* FirebaseAnalyticsWithoutAdIdSupport */,
				FB5111C32D9DA5E500776495 /* FirebaseFirestore */,
				FB5111C52D9DA5E500776495 /* FirebaseStorage */,
				FB5111CF2D9E5CF400776495 /* LocalJSON */,
				FB98F0132DA5D60B00E05F3D /* FirebaseCrashlytics */,
				FBE9C8EF2DAB9E7200C78FE1 /* Kingfisher */,
				FB82D90F2DC5B1F500FE2ED6 /* FirebaseMessaging */,
				FB82DBD12DC84D2900FE2ED6 /* FirebaseRemoteConfig */,
				FBE5402F2DCC25FD00B6E806 /* CryptoSwift */,
				FB7BA85D2DD5CAFA00CFC586 /* Toast */,
				FB6F8B4E2E0FAC6B0003A1F2 /* Logging */,
				FB6F8B512E0FD1440003A1F2 /* SwiftSoup */,
			);
			productName = SAES;
			productReference = EF0B9C4A2AA4ECD100B40A40 /* SAES.app */;
			productType = "com.apple.product-type.application";
		};
		EF0B9C5A2AA4ECD300B40A40 /* SAESTests */ = {
			isa = PBXNativeTarget;
			buildConfigurationList = EF0B9C722AA4ECD300B40A40 /* Build configuration list for PBXNativeTarget "SAESTests" */;
			buildPhases = (
				EF0B9C572AA4ECD300B40A40 /* Sources */,
				EF0B9C582AA4ECD300B40A40 /* Frameworks */,
				EF0B9C592AA4ECD300B40A40 /* Resources */,
			);
			buildRules = (
			);
			dependencies = (
				EF0B9C5D2AA4ECD300B40A40 /* PBXTargetDependency */,
			);
			fileSystemSynchronizedGroups = (
				FB9E8B512D52614D00E08987 /* SAESTests */,
			);
			name = SAESTests;
			productName = SAESTests;
			productReference = EF0B9C5B2AA4ECD300B40A40 /* SAESTests.xctest */;
			productType = "com.apple.product-type.bundle.unit-test";
		};
		EF0B9C642AA4ECD300B40A40 /* SAESUITests */ = {
			isa = PBXNativeTarget;
			buildConfigurationList = EF0B9C752AA4ECD300B40A40 /* Build configuration list for PBXNativeTarget "SAESUITests" */;
			buildPhases = (
				EF0B9C612AA4ECD300B40A40 /* Sources */,
				EF0B9C622AA4ECD300B40A40 /* Frameworks */,
				EF0B9C632AA4ECD300B40A40 /* Resources */,
			);
			buildRules = (
			);
			dependencies = (
				EF0B9C672AA4ECD300B40A40 /* PBXTargetDependency */,
			);
			fileSystemSynchronizedGroups = (
				FB9E8B4A2D52614A00E08987 /* SAESUITests */,
			);
			name = SAESUITests;
			productName = SAESUITests;
			productReference = EF0B9C652AA4ECD300B40A40 /* SAESUITests.xctest */;
			productType = "com.apple.product-type.bundle.ui-testing";
		};
/* End PBXNativeTarget section */

/* Begin PBXProject section */
		EF0B9C422AA4ECD100B40A40 /* Project object */ = {
			isa = PBXProject;
			attributes = {
				BuildIndependentTargetsInParallel = 1;
				LastSwiftUpdateCheck = 1620;
				LastUpgradeCheck = 1620;
				TargetAttributes = {
					EF0B9C492AA4ECD100B40A40 = {
						CreatedOnToolsVersion = 14.3.1;
					};
					EF0B9C5A2AA4ECD300B40A40 = {
						CreatedOnToolsVersion = 14.3.1;
						TestTargetID = EF0B9C492AA4ECD100B40A40;
					};
					EF0B9C642AA4ECD300B40A40 = {
						CreatedOnToolsVersion = 14.3.1;
						TestTargetID = EF0B9C492AA4ECD100B40A40;
					};
				};
			};
			buildConfigurationList = EF0B9C452AA4ECD100B40A40 /* Build configuration list for PBXProject "SAES" */;
			compatibilityVersion = "Xcode 14.0";
			developmentRegion = en;
			hasScannedForEncodings = 0;
			knownRegions = (
				en,
				Base,
				"es-419",
			);
			mainGroup = EF0B9C412AA4ECD100B40A40;
			packageReferences = (
				FBF652E42BA5A1870085C773 /* XCRemoteSwiftPackageReference "SwiftUI-Navigation" */,
				FBF38D9C2D52685400154888 /* XCRemoteSwiftPackageReference "SplashScreenAMC" */,
				FB8EE7A52D52C49F00EC2D01 /* XCLocalSwiftPackageReference "../../WebViewAMC" */,
				FB488A282D67B96B0067D81F /* XCRemoteSwiftPackageReference "Inject" */,
				FB49A7302D9D9248007F745D /* XCRemoteSwiftPackageReference "firebase-ios-sdk" */,
				FB5111CE2D9E5CF400776495 /* XCRemoteSwiftPackageReference "LocalJSON" */,
				FBE9C8EE2DAB9E7200C78FE1 /* XCRemoteSwiftPackageReference "Kingfisher" */,
				FBE5402E2DCC25FD00B6E806 /* XCRemoteSwiftPackageReference "CryptoSwift" */,
				FB7BA85C2DD5CAFA00CFC586 /* XCRemoteSwiftPackageReference "Toast" */,
				FB6F8B4D2E0FAC6B0003A1F2 /* XCRemoteSwiftPackageReference "swift-log" */,
				FB6F8B502E0FD1440003A1F2 /* XCRemoteSwiftPackageReference "SwiftSoup" */,
				FB11CCEA2F2EA80300E5D8AC /* XCRemoteSwiftPackageReference "CustomKit" */,
			);
			productRefGroup = EF0B9C4B2AA4ECD100B40A40 /* Products */;
			projectDirPath = "";
			projectRoot = "";
			targets = (
				EF0B9C492AA4ECD100B40A40 /* SAES */,
				EF0B9C5A2AA4ECD300B40A40 /* SAESTests */,
				EF0B9C642AA4ECD300B40A40 /* SAESUITests */,
			);
		};
/* End PBXProject section */

/* Begin PBXResourcesBuildPhase section */
		EF0B9C482AA4ECD100B40A40 /* Resources */ = {
			isa = PBXResourcesBuildPhase;
			buildActionMask = 2147483647;
			files = (
				FBCC2C302D610DC90040E898 /* Localizable.xcstrings in Resources */,
				FB49A72F2D9D9115007F745D /* GoogleService-Info.plist in Resources */,
			);
			runOnlyForDeploymentPostprocessing = 0;
		};
		EF0B9C592AA4ECD300B40A40 /* Resources */ = {
			isa = PBXResourcesBuildPhase;
			buildActionMask = 2147483647;
			files = (
			);
			runOnlyForDeploymentPostprocessing = 0;
		};
		EF0B9C632AA4ECD300B40A40 /* Resources */ = {
			isa = PBXResourcesBuildPhase;
			buildActionMask = 2147483647;
			files = (
			);
			runOnlyForDeploymentPostprocessing = 0;
		};
/* End PBXResourcesBuildPhase section */

/* Begin PBXShellScriptBuildPhase section */
		EF1F419C2AB1876C002CEBAE /* ShellScript */ = {
			isa = PBXShellScriptBuildPhase;
			alwaysOutOfDate = 1;
			buildActionMask = 2147483647;
			files = (
			);
			inputFileListPaths = (
			);
			inputPaths = (
			);
			outputFileListPaths = (
			);
			outputPaths = (
			);
			runOnlyForDeploymentPostprocessing = 0;
			shellPath = /bin/sh;
			shellScript = "# Type a script or drag a script file from your workspace to insert its path.\nif [[ \"$(uname -m)\" == arm64 ]]; then\n    export PATH=\"/opt/homebrew/bin:$PATH\"\nfi\n\nif which swiftlint > /dev/null; then\n  swiftlint\nelse\n  echo \"warning: SwiftLint not installed, download from https://github.com/realm/SwiftLint\"\nfi\n";
		};
		FB98F0152DA5D78600E05F3D /* ShellScript */ = {
			isa = PBXShellScriptBuildPhase;
			buildActionMask = 2147483647;
			files = (
			);
			inputFileListPaths = (
			);
			inputPaths = (
				"${DWARF_DSYM_FOLDER_PATH}/${DWARF_DSYM_FILE_NAME}",
				"${DWARF_DSYM_FOLDER_PATH}/${DWARF_DSYM_FILE_NAME}/Contents/Resources/DWARF/${PRODUCT_NAME}",
				"${DWARF_DSYM_FOLDER_PATH}/${DWARF_DSYM_FILE_NAME}/Contents/Info.plist",
				"$(TARGET_BUILD_DIR)/$(UNLOCALIZED_RESOURCES_FOLDER_PATH)/GoogleService-Info.plist",
				"$(TARGET_BUILD_DIR)/$(EXECUTABLE_PATH)",
			);
			outputFileListPaths = (
			);
			outputPaths = (
			);
			runOnlyForDeploymentPostprocessing = 0;
			shellPath = /bin/sh;
			shellScript = "# Type a script or drag a script file from your workspace to insert its path.\n\"${BUILD_DIR%/Build/*}/SourcePackages/checkouts/firebase-ios-sdk/Crashlytics/run\"\n";
		};
/* End PBXShellScriptBuildPhase section */

/* Begin PBXSourcesBuildPhase section */
		EF0B9C462AA4ECD100B40A40 /* Sources */ = {
			isa = PBXSourcesBuildPhase;
			buildActionMask = 2147483647;
			files = (
			);
			runOnlyForDeploymentPostprocessing = 0;
		};
		EF0B9C572AA4ECD300B40A40 /* Sources */ = {
			isa = PBXSourcesBuildPhase;
			buildActionMask = 2147483647;
			files = (
			);
			runOnlyForDeploymentPostprocessing = 0;
		};
		EF0B9C612AA4ECD300B40A40 /* Sources */ = {
			isa = PBXSourcesBuildPhase;
			buildActionMask = 2147483647;
			files = (
			);
			runOnlyForDeploymentPostprocessing = 0;
		};
/* End PBXSourcesBuildPhase section */

/* Begin PBXTargetDependency section */
		EF0B9C5D2AA4ECD300B40A40 /* PBXTargetDependency */ = {
			isa = PBXTargetDependency;
			target = EF0B9C492AA4ECD100B40A40 /* SAES */;
			targetProxy = EF0B9C5C2AA4ECD300B40A40 /* PBXContainerItemProxy */;
		};
		EF0B9C672AA4ECD300B40A40 /* PBXTargetDependency */ = {
			isa = PBXTargetDependency;
			target = EF0B9C492AA4ECD100B40A40 /* SAES */;
			targetProxy = EF0B9C662AA4ECD300B40A40 /* PBXContainerItemProxy */;
		};
/* End PBXTargetDependency section */

/* Begin XCBuildConfiguration section */
		EF0B9C6D2AA4ECD300B40A40 /* Debug */ = {
			isa = XCBuildConfiguration;
			buildSettings = {
				ALWAYS_SEARCH_USER_PATHS = NO;
				ASSETCATALOG_COMPILER_GENERATE_SWIFT_ASSET_SYMBOL_EXTENSIONS = YES;
				CLANG_ANALYZER_NONNULL = YES;
				CLANG_ANALYZER_NUMBER_OBJECT_CONVERSION = YES_AGGRESSIVE;
				CLANG_CXX_LANGUAGE_STANDARD = "gnu++20";
				CLANG_ENABLE_MODULES = YES;
				CLANG_ENABLE_OBJC_ARC = YES;
				CLANG_ENABLE_OBJC_WEAK = YES;
				CLANG_WARN_BLOCK_CAPTURE_AUTORELEASING = YES;
				CLANG_WARN_BOOL_CONVERSION = YES;
				CLANG_WARN_COMMA = YES;
				CLANG_WARN_CONSTANT_CONVERSION = YES;
				CLANG_WARN_DEPRECATED_OBJC_IMPLEMENTATIONS = YES;
				CLANG_WARN_DIRECT_OBJC_ISA_USAGE = YES_ERROR;
				CLANG_WARN_DOCUMENTATION_COMMENTS = YES;
				CLANG_WARN_EMPTY_BODY = YES;
				CLANG_WARN_ENUM_CONVERSION = YES;
				CLANG_WARN_INFINITE_RECURSION = YES;
				CLANG_WARN_INT_CONVERSION = YES;
				CLANG_WARN_NON_LITERAL_NULL_CONVERSION = YES;
				CLANG_WARN_OBJC_IMPLICIT_RETAIN_SELF = YES;
				CLANG_WARN_OBJC_LITERAL_CONVERSION = YES;
				CLANG_WARN_OBJC_ROOT_CLASS = YES_ERROR;
				CLANG_WARN_QUOTED_INCLUDE_IN_FRAMEWORK_HEADER = YES;
				CLANG_WARN_RANGE_LOOP_ANALYSIS = YES;
				CLANG_WARN_STRICT_PROTOTYPES = YES;
				CLANG_WARN_SUSPICIOUS_MOVE = YES;
				CLANG_WARN_UNGUARDED_AVAILABILITY = YES_AGGRESSIVE;
				CLANG_WARN_UNREACHABLE_CODE = YES;
				CLANG_WARN__DUPLICATE_METHOD_MATCH = YES;
				COPY_PHASE_STRIP = NO;
				DEAD_CODE_STRIPPING = YES;
				DEBUG_INFORMATION_FORMAT = dwarf;
				ENABLE_STRICT_OBJC_MSGSEND = YES;
				ENABLE_TESTABILITY = YES;
				GCC_C_LANGUAGE_STANDARD = gnu11;
				GCC_DYNAMIC_NO_PIC = NO;
				GCC_NO_COMMON_BLOCKS = YES;
				GCC_OPTIMIZATION_LEVEL = 0;
				GCC_PREPROCESSOR_DEFINITIONS = (
					"DEBUG=1",
					"$(inherited)",
				);
				GCC_WARN_64_TO_32_BIT_CONVERSION = YES;
				GCC_WARN_ABOUT_RETURN_TYPE = YES_ERROR;
				GCC_WARN_UNDECLARED_SELECTOR = YES;
				GCC_WARN_UNINITIALIZED_AUTOS = YES_AGGRESSIVE;
				GCC_WARN_UNUSED_FUNCTION = YES;
				GCC_WARN_UNUSED_VARIABLE = YES;
				MTL_ENABLE_DEBUG_INFO = INCLUDE_SOURCE;
				MTL_FAST_MATH = YES;
				ONLY_ACTIVE_ARCH = YES;
				SWIFT_ACTIVE_COMPILATION_CONDITIONS = DEBUG;
				SWIFT_EMIT_LOC_STRINGS = YES;
				SWIFT_OPTIMIZATION_LEVEL = "-Onone";
			};
			name = Debug;
		};
		EF0B9C6E2AA4ECD300B40A40 /* Release */ = {
			isa = XCBuildConfiguration;
			buildSettings = {
				ALWAYS_SEARCH_USER_PATHS = NO;
				ASSETCATALOG_COMPILER_GENERATE_SWIFT_ASSET_SYMBOL_EXTENSIONS = YES;
				CLANG_ANALYZER_NONNULL = YES;
				CLANG_ANALYZER_NUMBER_OBJECT_CONVERSION = YES_AGGRESSIVE;
				CLANG_CXX_LANGUAGE_STANDARD = "gnu++20";
				CLANG_ENABLE_MODULES = YES;
				CLANG_ENABLE_OBJC_ARC = YES;
				CLANG_ENABLE_OBJC_WEAK = YES;
				CLANG_WARN_BLOCK_CAPTURE_AUTORELEASING = YES;
				CLANG_WARN_BOOL_CONVERSION = YES;
				CLANG_WARN_COMMA = YES;
				CLANG_WARN_CONSTANT_CONVERSION = YES;
				CLANG_WARN_DEPRECATED_OBJC_IMPLEMENTATIONS = YES;
				CLANG_WARN_DIRECT_OBJC_ISA_USAGE = YES_ERROR;
				CLANG_WARN_DOCUMENTATION_COMMENTS = YES;
				CLANG_WARN_EMPTY_BODY = YES;
				CLANG_WARN_ENUM_CONVERSION = YES;
				CLANG_WARN_INFINITE_RECURSION = YES;
				CLANG_WARN_INT_CONVERSION = YES;
				CLANG_WARN_NON_LITERAL_NULL_CONVERSION = YES;
				CLANG_WARN_OBJC_IMPLICIT_RETAIN_SELF = YES;
				CLANG_WARN_OBJC_LITERAL_CONVERSION = YES;
				CLANG_WARN_OBJC_ROOT_CLASS = YES_ERROR;
				CLANG_WARN_QUOTED_INCLUDE_IN_FRAMEWORK_HEADER = YES;
				CLANG_WARN_RANGE_LOOP_ANALYSIS = YES;
				CLANG_WARN_STRICT_PROTOTYPES = YES;
				CLANG_WARN_SUSPICIOUS_MOVE = YES;
				CLANG_WARN_UNGUARDED_AVAILABILITY = YES_AGGRESSIVE;
				CLANG_WARN_UNREACHABLE_CODE = YES;
				CLANG_WARN__DUPLICATE_METHOD_MATCH = YES;
				COPY_PHASE_STRIP = NO;
				DEAD_CODE_STRIPPING = YES;
				DEBUG_INFORMATION_FORMAT = "dwarf-with-dsym";
				ENABLE_NS_ASSERTIONS = NO;
				ENABLE_STRICT_OBJC_MSGSEND = YES;
				GCC_C_LANGUAGE_STANDARD = gnu11;
				GCC_NO_COMMON_BLOCKS = YES;
				GCC_WARN_64_TO_32_BIT_CONVERSION = YES;
				GCC_WARN_ABOUT_RETURN_TYPE = YES_ERROR;
				GCC_WARN_UNDECLARED_SELECTOR = YES;
				GCC_WARN_UNINITIALIZED_AUTOS = YES_AGGRESSIVE;
				GCC_WARN_UNUSED_FUNCTION = YES;
				GCC_WARN_UNUSED_VARIABLE = YES;
				MTL_ENABLE_DEBUG_INFO = NO;
				MTL_FAST_MATH = YES;
				SWIFT_COMPILATION_MODE = wholemodule;
				SWIFT_EMIT_LOC_STRINGS = YES;
				SWIFT_OPTIMIZATION_LEVEL = "-O";
			};
			name = Release;
		};
		EF0B9C702AA4ECD300B40A40 /* Debug */ = {
			isa = XCBuildConfiguration;
			buildSettings = {
				ASSETCATALOG_COMPILER_APPICON_NAME = AppIcon;
				ASSETCATALOG_COMPILER_GLOBAL_ACCENT_COLOR_NAME = AccentColor;
				CODE_SIGN_ENTITLEMENTS = SAES/SAES.entitlements;
				CODE_SIGN_IDENTITY = "Apple Development";
				CODE_SIGN_STYLE = Automatic;
				CURRENT_PROJECT_VERSION = 1;
				DEAD_CODE_STRIPPING = YES;
				DEBUG_INFORMATION_FORMAT = "dwarf-with-dsym";
				DEVELOPMENT_ASSET_PATHS = "";
				DEVELOPMENT_TEAM = 6W648Y39HX;
				ENABLE_HARDENED_RUNTIME = YES;
				"ENABLE_HARDENED_RUNTIME[sdk=macosx*]" = YES;
				ENABLE_PREVIEWS = YES;
				GENERATE_INFOPLIST_FILE = YES;
				INFOPLIST_FILE = SAES/Info.plist;
				INFOPLIST_KEY_LSApplicationCategoryType = "public.app-category.education";
				INFOPLIST_KEY_NSCalendarsUsageDescription = "Hola mundo";
				"INFOPLIST_KEY_UIApplicationSceneManifest_Generation[sdk=iphoneos*]" = YES;
				"INFOPLIST_KEY_UIApplicationSceneManifest_Generation[sdk=iphonesimulator*]" = YES;
				"INFOPLIST_KEY_UIApplicationSupportsIndirectInputEvents[sdk=iphoneos*]" = YES;
				"INFOPLIST_KEY_UIApplicationSupportsIndirectInputEvents[sdk=iphonesimulator*]" = YES;
				"INFOPLIST_KEY_UILaunchScreen_Generation[sdk=iphoneos*]" = YES;
				"INFOPLIST_KEY_UILaunchScreen_Generation[sdk=iphonesimulator*]" = YES;
				"INFOPLIST_KEY_UIStatusBarStyle[sdk=iphoneos*]" = UIStatusBarStyleDefault;
				"INFOPLIST_KEY_UIStatusBarStyle[sdk=iphonesimulator*]" = UIStatusBarStyleDefault;
				INFOPLIST_KEY_UISupportedInterfaceOrientations_iPad = "UIInterfaceOrientationPortrait UIInterfaceOrientationPortraitUpsideDown UIInterfaceOrientationLandscapeLeft UIInterfaceOrientationLandscapeRight";
				INFOPLIST_KEY_UISupportedInterfaceOrientations_iPhone = "UIInterfaceOrientationPortrait UIInterfaceOrientationLandscapeLeft UIInterfaceOrientationLandscapeRight";
				IPHONEOS_DEPLOYMENT_TARGET = 16.0;
				LD_RUNPATH_SEARCH_PATHS = "@executable_path/Frameworks";
				"LD_RUNPATH_SEARCH_PATHS[sdk=macosx*]" = "@executable_path/../Frameworks";
				MACOSX_DEPLOYMENT_TARGET = 13.3;
				MARKETING_VERSION = 1.3;
				OTHER_LDFLAGS = (
					"-Xlinker",
					"-interposable",
					"-ObjC",
				);
				PRODUCT_BUNDLE_IDENTIFIER = "com.roncuevas.saes-app";
				PRODUCT_NAME = "$(TARGET_NAME)";
				PROVISIONING_PROFILE_SPECIFIER = "";
				SDKROOT = auto;
				SUPPORTED_PLATFORMS = "iphoneos iphonesimulator macosx";
				SWIFT_EMIT_LOC_STRINGS = YES;
				SWIFT_VERSION = 5.0;
				TARGETED_DEVICE_FAMILY = "1,2";
			};
			name = Debug;
		};
		EF0B9C712AA4ECD300B40A40 /* Release */ = {
			isa = XCBuildConfiguration;
			buildSettings = {
				ASSETCATALOG_COMPILER_APPICON_NAME = AppIconProd;
				ASSETCATALOG_COMPILER_GLOBAL_ACCENT_COLOR_NAME = AccentColor;
				CODE_SIGN_ENTITLEMENTS = SAES/SAES.entitlements;
				CODE_SIGN_IDENTITY = "Apple Development";
				CODE_SIGN_STYLE = Automatic;
				CURRENT_PROJECT_VERSION = 1;
				DEAD_CODE_STRIPPING = YES;
				DEBUG_INFORMATION_FORMAT = "dwarf-with-dsym";
				DEVELOPMENT_ASSET_PATHS = "";
				DEVELOPMENT_TEAM = 6W648Y39HX;
				ENABLE_HARDENED_RUNTIME = YES;
				"ENABLE_HARDENED_RUNTIME[sdk=macosx*]" = YES;
				ENABLE_PREVIEWS = YES;
				GENERATE_INFOPLIST_FILE = YES;
				INFOPLIST_FILE = SAES/Info.plist;
				INFOPLIST_KEY_LSApplicationCategoryType = "public.app-category.education";
				INFOPLIST_KEY_NSCalendarsUsageDescription = "Hola mundo";
				"INFOPLIST_KEY_UIApplicationSceneManifest_Generation[sdk=iphoneos*]" = YES;
				"INFOPLIST_KEY_UIApplicationSceneManifest_Generation[sdk=iphonesimulator*]" = YES;
				"INFOPLIST_KEY_UIApplicationSupportsIndirectInputEvents[sdk=iphoneos*]" = YES;
				"INFOPLIST_KEY_UIApplicationSupportsIndirectInputEvents[sdk=iphonesimulator*]" = YES;
				"INFOPLIST_KEY_UILaunchScreen_Generation[sdk=iphoneos*]" = YES;
				"INFOPLIST_KEY_UILaunchScreen_Generation[sdk=iphonesimulator*]" = YES;
				"INFOPLIST_KEY_UIStatusBarStyle[sdk=iphoneos*]" = UIStatusBarStyleDefault;
				"INFOPLIST_KEY_UIStatusBarStyle[sdk=iphonesimulator*]" = UIStatusBarStyleDefault;
				INFOPLIST_KEY_UISupportedInterfaceOrientations_iPad = "UIInterfaceOrientationPortrait UIInterfaceOrientationPortraitUpsideDown UIInterfaceOrientationLandscapeLeft UIInterfaceOrientationLandscapeRight";
				INFOPLIST_KEY_UISupportedInterfaceOrientations_iPhone = "UIInterfaceOrientationPortrait UIInterfaceOrientationLandscapeLeft UIInterfaceOrientationLandscapeRight";
				IPHONEOS_DEPLOYMENT_TARGET = 16.0;
				LD_RUNPATH_SEARCH_PATHS = "@executable_path/Frameworks";
				"LD_RUNPATH_SEARCH_PATHS[sdk=macosx*]" = "@executable_path/../Frameworks";
				MACOSX_DEPLOYMENT_TARGET = 13.3;
				MARKETING_VERSION = 1.3;
				OTHER_LDFLAGS = "-ObjC";
				PRODUCT_BUNDLE_IDENTIFIER = "com.roncuevas.saes-app";
				PRODUCT_NAME = "$(TARGET_NAME)";
				PROVISIONING_PROFILE_SPECIFIER = "";
				SDKROOT = auto;
				SUPPORTED_PLATFORMS = "iphoneos iphonesimulator macosx";
				SWIFT_EMIT_LOC_STRINGS = YES;
				SWIFT_VERSION = 5.0;
				TARGETED_DEVICE_FAMILY = "1,2";
			};
			name = Release;
		};
		EF0B9C732AA4ECD300B40A40 /* Debug */ = {
			isa = XCBuildConfiguration;
			buildSettings = {
				BUNDLE_LOADER = "$(TEST_HOST)";
				CODE_SIGN_STYLE = Automatic;
				CURRENT_PROJECT_VERSION = 1;
				DEAD_CODE_STRIPPING = YES;
				DEVELOPMENT_TEAM = QFA5T399JD;
				GENERATE_INFOPLIST_FILE = YES;
				IPHONEOS_DEPLOYMENT_TARGET = 16.4;
				MACOSX_DEPLOYMENT_TARGET = 13.3;
				MARKETING_VERSION = 1.0;
				PRODUCT_BUNDLE_IDENTIFIER = com.roncuevas.SAESTests;
				PRODUCT_NAME = "$(TARGET_NAME)";
				SDKROOT = auto;
				SUPPORTED_PLATFORMS = "iphoneos iphonesimulator macosx";
				SWIFT_EMIT_LOC_STRINGS = NO;
				SWIFT_VERSION = 5.0;
				TARGETED_DEVICE_FAMILY = "1,2";
				TEST_HOST = "$(BUILT_PRODUCTS_DIR)/SAES.app/$(BUNDLE_EXECUTABLE_FOLDER_PATH)/SAES";
			};
			name = Debug;
		};
		EF0B9C742AA4ECD300B40A40 /* Release */ = {
			isa = XCBuildConfiguration;
			buildSettings = {
				BUNDLE_LOADER = "$(TEST_HOST)";
				CODE_SIGN_STYLE = Automatic;
				CURRENT_PROJECT_VERSION = 1;
				DEAD_CODE_STRIPPING = YES;
				DEVELOPMENT_TEAM = QFA5T399JD;
				GENERATE_INFOPLIST_FILE = YES;
				IPHONEOS_DEPLOYMENT_TARGET = 16.4;
				MACOSX_DEPLOYMENT_TARGET = 13.3;
				MARKETING_VERSION = 1.0;
				PRODUCT_BUNDLE_IDENTIFIER = com.roncuevas.SAESTests;
				PRODUCT_NAME = "$(TARGET_NAME)";
				SDKROOT = auto;
				SUPPORTED_PLATFORMS = "iphoneos iphonesimulator macosx";
				SWIFT_EMIT_LOC_STRINGS = NO;
				SWIFT_VERSION = 5.0;
				TARGETED_DEVICE_FAMILY = "1,2";
				TEST_HOST = "$(BUILT_PRODUCTS_DIR)/SAES.app/$(BUNDLE_EXECUTABLE_FOLDER_PATH)/SAES";
			};
			name = Release;
		};
		EF0B9C762AA4ECD300B40A40 /* Debug */ = {
			isa = XCBuildConfiguration;
			buildSettings = {
				CODE_SIGN_STYLE = Automatic;
				CURRENT_PROJECT_VERSION = 1;
				DEAD_CODE_STRIPPING = YES;
				DEVELOPMENT_TEAM = QFA5T399JD;
				GENERATE_INFOPLIST_FILE = YES;
				IPHONEOS_DEPLOYMENT_TARGET = 16.4;
				MACOSX_DEPLOYMENT_TARGET = 13.3;
				MARKETING_VERSION = 1.0;
				PRODUCT_BUNDLE_IDENTIFIER = com.roncuevas.SAESUITests;
				PRODUCT_NAME = "$(TARGET_NAME)";
				SDKROOT = auto;
				SUPPORTED_PLATFORMS = "iphoneos iphonesimulator macosx";
				SWIFT_EMIT_LOC_STRINGS = NO;
				SWIFT_VERSION = 5.0;
				TARGETED_DEVICE_FAMILY = "1,2";
				TEST_TARGET_NAME = SAES;
			};
			name = Debug;
		};
		EF0B9C772AA4ECD300B40A40 /* Release */ = {
			isa = XCBuildConfiguration;
			buildSettings = {
				CODE_SIGN_STYLE = Automatic;
				CURRENT_PROJECT_VERSION = 1;
				DEAD_CODE_STRIPPING = YES;
				DEVELOPMENT_TEAM = QFA5T399JD;
				GENERATE_INFOPLIST_FILE = YES;
				IPHONEOS_DEPLOYMENT_TARGET = 16.4;
				MACOSX_DEPLOYMENT_TARGET = 13.3;
				MARKETING_VERSION = 1.0;
				PRODUCT_BUNDLE_IDENTIFIER = com.roncuevas.SAESUITests;
				PRODUCT_NAME = "$(TARGET_NAME)";
				SDKROOT = auto;
				SUPPORTED_PLATFORMS = "iphoneos iphonesimulator macosx";
				SWIFT_EMIT_LOC_STRINGS = NO;
				SWIFT_VERSION = 5.0;
				TARGETED_DEVICE_FAMILY = "1,2";
				TEST_TARGET_NAME = SAES;
			};
			name = Release;
		};
/* End XCBuildConfiguration section */

/* Begin XCConfigurationList section */
		EF0B9C452AA4ECD100B40A40 /* Build configuration list for PBXProject "SAES" */ = {
			isa = XCConfigurationList;
			buildConfigurations = (
				EF0B9C6D2AA4ECD300B40A40 /* Debug */,
				EF0B9C6E2AA4ECD300B40A40 /* Release */,
			);
			defaultConfigurationIsVisible = 0;
			defaultConfigurationName = Release;
		};
		EF0B9C6F2AA4ECD300B40A40 /* Build configuration list for PBXNativeTarget "SAES" */ = {
			isa = XCConfigurationList;
			buildConfigurations = (
				EF0B9C702AA4ECD300B40A40 /* Debug */,
				EF0B9C712AA4ECD300B40A40 /* Release */,
			);
			defaultConfigurationIsVisible = 0;
			defaultConfigurationName = Release;
		};
		EF0B9C722AA4ECD300B40A40 /* Build configuration list for PBXNativeTarget "SAESTests" */ = {
			isa = XCConfigurationList;
			buildConfigurations = (
				EF0B9C732AA4ECD300B40A40 /* Debug */,
				EF0B9C742AA4ECD300B40A40 /* Release */,
			);
			defaultConfigurationIsVisible = 0;
			defaultConfigurationName = Release;
		};
		EF0B9C752AA4ECD300B40A40 /* Build configuration list for PBXNativeTarget "SAESUITests" */ = {
			isa = XCConfigurationList;
			buildConfigurations = (
				EF0B9C762AA4ECD300B40A40 /* Debug */,
				EF0B9C772AA4ECD300B40A40 /* Release */,
			);
			defaultConfigurationIsVisible = 0;
			defaultConfigurationName = Release;
		};
/* End XCConfigurationList section */

/* Begin XCLocalSwiftPackageReference section */
		FB8EE7A52D52C49F00EC2D01 /* XCLocalSwiftPackageReference "../../WebViewAMC" */ = {
			isa = XCLocalSwiftPackageReference;
			relativePath = ../../WebViewAMC;
		};
/* End XCLocalSwiftPackageReference section */

/* Begin XCRemoteSwiftPackageReference section */
		FB11CCEA2F2EA80300E5D8AC /* XCRemoteSwiftPackageReference "CustomKit" */ = {
			isa = XCRemoteSwiftPackageReference;
			repositoryURL = "https://github.com/roncuevas/CustomKit.git";
			requirement = {
				branch = main;
				kind = branch;
			};
		};
		FB488A282D67B96B0067D81F /* XCRemoteSwiftPackageReference "Inject" */ = {
			isa = XCRemoteSwiftPackageReference;
			repositoryURL = "https://github.com/krzysztofzablocki/Inject.git";
			requirement = {
				kind = upToNextMajorVersion;
				minimumVersion = 1.5.2;
			};
		};
		FB49A7302D9D9248007F745D /* XCRemoteSwiftPackageReference "firebase-ios-sdk" */ = {
			isa = XCRemoteSwiftPackageReference;
			repositoryURL = "https://github.com/firebase/firebase-ios-sdk";
			requirement = {
				kind = upToNextMajorVersion;
				minimumVersion = 11.11.0;
			};
		};
		FB5111CE2D9E5CF400776495 /* XCRemoteSwiftPackageReference "LocalJSON" */ = {
			isa = XCRemoteSwiftPackageReference;
			repositoryURL = "https://github.com/roncuevas/LocalJSON.git";
			requirement = {
				branch = main;
				kind = branch;
			};
		};
		FB6F8B4D2E0FAC6B0003A1F2 /* XCRemoteSwiftPackageReference "swift-log" */ = {
			isa = XCRemoteSwiftPackageReference;
			repositoryURL = "https://github.com/apple/swift-log.git";
			requirement = {
				kind = upToNextMajorVersion;
				minimumVersion = 1.6.3;
			};
		};
		FB6F8B502E0FD1440003A1F2 /* XCRemoteSwiftPackageReference "SwiftSoup" */ = {
			isa = XCRemoteSwiftPackageReference;
			repositoryURL = "https://github.com/scinfu/SwiftSoup.git";
			requirement = {
				kind = upToNextMajorVersion;
				minimumVersion = 2.8.8;
			};
		};
		FB7BA85C2DD5CAFA00CFC586 /* XCRemoteSwiftPackageReference "Toast" */ = {
			isa = XCRemoteSwiftPackageReference;
			repositoryURL = "https://github.com/roncuevas/Toast.git";
			requirement = {
				branch = main;
				kind = branch;
			};
		};
		FBE5402E2DCC25FD00B6E806 /* XCRemoteSwiftPackageReference "CryptoSwift" */ = {
			isa = XCRemoteSwiftPackageReference;
			repositoryURL = "https://github.com/krzyzanowskim/CryptoSwift.git";
			requirement = {
				kind = upToNextMajorVersion;
				minimumVersion = 1.8.4;
			};
		};
		FBE9C8EE2DAB9E7200C78FE1 /* XCRemoteSwiftPackageReference "Kingfisher" */ = {
			isa = XCRemoteSwiftPackageReference;
			repositoryURL = "https://github.com/onevcat/Kingfisher.git";
			requirement = {
				kind = upToNextMajorVersion;
				minimumVersion = 8.3.2;
			};
		};
		FBF38D9C2D52685400154888 /* XCRemoteSwiftPackageReference "SplashScreenAMC" */ = {
			isa = XCRemoteSwiftPackageReference;
			repositoryURL = "https://github.com/roncuevas/SplashScreenAMC.git";
			requirement = {
				branch = main;
				kind = branch;
			};
		};
		FBF652E42BA5A1870085C773 /* XCRemoteSwiftPackageReference "SwiftUI-Navigation" */ = {
			isa = XCRemoteSwiftPackageReference;
			repositoryURL = "https://github.com/Sedlacek-Solutions/SwiftUI-Navigation.git";
			requirement = {
				branch = main;
				kind = branch;
			};
		};
/* End XCRemoteSwiftPackageReference section */

/* Begin XCSwiftPackageProductDependency section */
		FB488A292D67B96B0067D81F /* Inject */ = {
			isa = XCSwiftPackageProductDependency;
			package = FB488A282D67B96B0067D81F /* XCRemoteSwiftPackageReference "Inject" */;
			productName = Inject;
		};
		FB49A7312D9D9248007F745D /* FirebaseAnalyticsWithoutAdIdSupport */ = {
			isa = XCSwiftPackageProductDependency;
			package = FB49A7302D9D9248007F745D /* XCRemoteSwiftPackageReference "firebase-ios-sdk" */;
			productName = FirebaseAnalyticsWithoutAdIdSupport;
		};
		FB5111C32D9DA5E500776495 /* FirebaseFirestore */ = {
			isa = XCSwiftPackageProductDependency;
			package = FB49A7302D9D9248007F745D /* XCRemoteSwiftPackageReference "firebase-ios-sdk" */;
			productName = FirebaseFirestore;
		};
		FB5111C52D9DA5E500776495 /* FirebaseStorage */ = {
			isa = XCSwiftPackageProductDependency;
			package = FB49A7302D9D9248007F745D /* XCRemoteSwiftPackageReference "firebase-ios-sdk" */;
			productName = FirebaseStorage;
		};
		FB5111CF2D9E5CF400776495 /* LocalJSON */ = {
			isa = XCSwiftPackageProductDependency;
			package = FB5111CE2D9E5CF400776495 /* XCRemoteSwiftPackageReference "LocalJSON" */;
			productName = LocalJSON;
		};
		FB6F8B4E2E0FAC6B0003A1F2 /* Logging */ = {
			isa = XCSwiftPackageProductDependency;
			package = FB6F8B4D2E0FAC6B0003A1F2 /* XCRemoteSwiftPackageReference "swift-log" */;
			productName = Logging;
		};
		FB6F8B512E0FD1440003A1F2 /* SwiftSoup */ = {
			isa = XCSwiftPackageProductDependency;
			package = FB6F8B502E0FD1440003A1F2 /* XCRemoteSwiftPackageReference "SwiftSoup" */;
			productName = SwiftSoup;
		};
		FB7307C72D662F20006261C3 /* CustomKit */ = {
			isa = XCSwiftPackageProductDependency;
			productName = CustomKit;
		};
		FB7BA85D2DD5CAFA00CFC586 /* Toast */ = {
			isa = XCSwiftPackageProductDependency;
			package = FB7BA85C2DD5CAFA00CFC586 /* XCRemoteSwiftPackageReference "Toast" */;
			productName = Toast;
		};
		FB82D90F2DC5B1F500FE2ED6 /* FirebaseMessaging */ = {
			isa = XCSwiftPackageProductDependency;
			package = FB49A7302D9D9248007F745D /* XCRemoteSwiftPackageReference "firebase-ios-sdk" */;
			productName = FirebaseMessaging;
		};
		FB82DBD12DC84D2900FE2ED6 /* FirebaseRemoteConfig */ = {
			isa = XCSwiftPackageProductDependency;
			package = FB49A7302D9D9248007F745D /* XCRemoteSwiftPackageReference "firebase-ios-sdk" */;
			productName = FirebaseRemoteConfig;
		};
		FB8EE7A62D52C49F00EC2D01 /* WebViewAMC */ = {
			isa = XCSwiftPackageProductDependency;
			productName = WebViewAMC;
		};
		FB98F0132DA5D60B00E05F3D /* FirebaseCrashlytics */ = {
			isa = XCSwiftPackageProductDependency;
			package = FB49A7302D9D9248007F745D /* XCRemoteSwiftPackageReference "firebase-ios-sdk" */;
			productName = FirebaseCrashlytics;
		};
		FBE5402F2DCC25FD00B6E806 /* CryptoSwift */ = {
			isa = XCSwiftPackageProductDependency;
			package = FBE5402E2DCC25FD00B6E806 /* XCRemoteSwiftPackageReference "CryptoSwift" */;
			productName = CryptoSwift;
		};
		FBE9C8EF2DAB9E7200C78FE1 /* Kingfisher */ = {
			isa = XCSwiftPackageProductDependency;
			package = FBE9C8EE2DAB9E7200C78FE1 /* XCRemoteSwiftPackageReference "Kingfisher" */;
			productName = Kingfisher;
		};
		FBF38D9D2D52685400154888 /* SplashScreenAMC */ = {
			isa = XCSwiftPackageProductDependency;
			package = FBF38D9C2D52685400154888 /* XCRemoteSwiftPackageReference "SplashScreenAMC" */;
			productName = SplashScreenAMC;
		};
		FBF38DA02D526AB500154888 /* WebViewAMC */ = {
			isa = XCSwiftPackageProductDependency;
			productName = WebViewAMC;
		};
		FBF652E52BA5A1870085C773 /* Navigation */ = {
			isa = XCSwiftPackageProductDependency;
			package = FBF652E42BA5A1870085C773 /* XCRemoteSwiftPackageReference "SwiftUI-Navigation" */;
			productName = Navigation;
		};
/* End XCSwiftPackageProductDependency section */
	};
	rootObject = EF0B9C422AA4ECD100B40A40 /* Project object */;
}
