// !$*UTF8*$!
{
	archiveVersion = 1;
	classes = {
	};
	objectVersion = 70;
	objects = {

/* Begin PBXBuildFile section */
		FB08ECAC2D78B94600724975 /* PostHog in Frameworks */ = {isa = PBXBuildFile; productRef = FB08ECAB2D78B94600724975 /* PostHog */; };
		FB08F1442D7BC65B00724975 /* SwiftSoup in Frameworks */ = {isa = PBXBuildFile; productRef = FB08F1432D7BC65B00724975 /* SwiftSoup */; };
		FB4154CF2C4D555000DCE780 /* Alamofire in Frameworks */ = {isa = PBXBuildFile; productRef = FB4154CE2C4D555000DCE780 /* Alamofire */; };
		FB488A2A2D67B96B0067D81F /* Inject in Frameworks */ = {isa = PBXBuildFile; productRef = FB488A292D67B96B0067D81F /* Inject */; };
		FB7307C82D662F20006261C3 /* CustomKit in Frameworks */ = {isa = PBXBuildFile; productRef = FB7307C72D662F20006261C3 /* CustomKit */; };
		FB8EE7A72D52C49F00EC2D01 /* WebViewAMC in Frameworks */ = {isa = PBXBuildFile; productRef = FB8EE7A62D52C49F00EC2D01 /* WebViewAMC */; };
		FBCC2C302D610DC90040E898 /* Localizable.xcstrings in Resources */ = {isa = PBXBuildFile; fileRef = FBCC2C2F2D610DC90040E898 /* Localizable.xcstrings */; };
		FBF38D9E2D52685400154888 /* SplashScreenAMC in Frameworks */ = {isa = PBXBuildFile; productRef = FBF38D9D2D52685400154888 /* SplashScreenAMC */; };
		FBF38DA12D526AB500154888 /* WebViewAMC in Frameworks */ = {isa = PBXBuildFile; productRef = FBF38DA02D526AB500154888 /* WebViewAMC */; };
		FBF652E62BA5A1870085C773 /* Routing in Frameworks */ = {isa = PBXBuildFile; productRef = FBF652E52BA5A1870085C773 /* Routing */; };
/* End PBXBuildFile section */

/* Begin PBXContainerItemProxy section */
		EF0B9C5C2AA4ECD300B40A40 /* PBXContainerItemProxy */ = {
			isa = PBXContainerItemProxy;
			containerPortal = EF0B9C422AA4ECD100B40A40 /* Project object */;
			proxyType = 1;
			remoteGlobalIDString = EF0B9C492AA4ECD100B40A40;
			remoteInfo = SAES;
		};
		EF0B9C662AA4ECD300B40A40 /* PBXContainerItemProxy */ = {
			isa = PBXContainerItemProxy;
			containerPortal = EF0B9C422AA4ECD100B40A40 /* Project object */;
			proxyType = 1;
			remoteGlobalIDString = EF0B9C492AA4ECD100B40A40;
			remoteInfo = SAES;
		};
/* End PBXContainerItemProxy section */

/* Begin PBXFileReference section */
		EF0B9C4A2AA4ECD100B40A40 /* SAES.app */ = {isa = PBXFileReference; explicitFileType = wrapper.application; includeInIndex = 0; path = SAES.app; sourceTree = BUILT_PRODUCTS_DIR; };
		EF0B9C5B2AA4ECD300B40A40 /* SAESTests.xctest */ = {isa = PBXFileReference; explicitFileType = wrapper.cfbundle; includeInIndex = 0; path = SAESTests.xctest; sourceTree = BUILT_PRODUCTS_DIR; };
		EF0B9C652AA4ECD300B40A40 /* SAESUITests.xctest */ = {isa = PBXFileReference; explicitFileType = wrapper.cfbundle; includeInIndex = 0; path = SAESUITests.xctest; sourceTree = BUILT_PRODUCTS_DIR; };
		FBCC2C2F2D610DC90040E898 /* Localizable.xcstrings */ = {isa = PBXFileReference; lastKnownFileType = text.json.xcstrings; path = Localizable.xcstrings; sourceTree = "<group>"; };
/* End PBXFileReference section */

/* Begin PBXFileSystemSynchronizedBuildFileExceptionSet section */
		FB9E8C8E2D52619300E08987 /* PBXFileSystemSynchronizedBuildFileExceptionSet */ = {
			isa = PBXFileSystemSynchronizedBuildFileExceptionSet;
			membershipExceptions = (
				Info.plist,
			);
			target = EF0B9C492AA4ECD100B40A40 /* SAES */;
		};
/* End PBXFileSystemSynchronizedBuildFileExceptionSet section */

/* Begin PBXFileSystemSynchronizedRootGroup section */
		FB9E8B4A2D52614A00E08987 /* SAESUITests */ = {isa = PBXFileSystemSynchronizedRootGroup; explicitFileTypes = {}; explicitFolders = (); path = SAESUITests; sourceTree = "<group>"; };
		FB9E8B512D52614D00E08987 /* SAESTests */ = {isa = PBXFileSystemSynchronizedRootGroup; explicitFileTypes = {}; explicitFolders = (); path = SAESTests; sourceTree = "<group>"; };
		FB9E8C512D52619300E08987 /* SAES */ = {isa = PBXFileSystemSynchronizedRootGroup; exceptions = (FB9E8C8E2D52619300E08987 /* PBXFileSystemSynchronizedBuildFileExceptionSet */, ); explicitFileTypes = {}; explicitFolders = (); path = SAES; sourceTree = "<group>"; };
/* End PBXFileSystemSynchronizedRootGroup section */

/* Begin PBXFrameworksBuildPhase section */
		EF0B9C472AA4ECD100B40A40 /* Frameworks */ = {
			isa = PBXFrameworksBuildPhase;
			buildActionMask = 2147483647;
			files = (
				FBF38D9E2D52685400154888 /* SplashScreenAMC in Frameworks */,
				FB7307C82D662F20006261C3 /* CustomKit in Frameworks */,
				FB4154CF2C4D555000DCE780 /* Alamofire in Frameworks */,
				FB488A2A2D67B96B0067D81F /* Inject in Frameworks */,
				FBF38DA12D526AB500154888 /* WebViewAMC in Frameworks */,
				FB08ECAC2D78B94600724975 /* PostHog in Frameworks */,
				FB8EE7A72D52C49F00EC2D01 /* WebViewAMC in Frameworks */,
				FBF652E62BA5A1870085C773 /* Routing in Frameworks */,
				FB08F1442D7BC65B00724975 /* SwiftSoup in Frameworks */,
			);
			runOnlyForDeploymentPostprocessing = 0;
		};
		EF0B9C582AA4ECD300B40A40 /* Frameworks */ = {
			isa = PBXFrameworksBuildPhase;
			buildActionMask = 2147483647;
			files = (
			);
			runOnlyForDeploymentPostprocessing = 0;
		};
		EF0B9C622AA4ECD300B40A40 /* Frameworks */ = {
			isa = PBXFrameworksBuildPhase;
			buildActionMask = 2147483647;
			files = (
			);
			runOnlyForDeploymentPostprocessing = 0;
		};
/* End PBXFrameworksBuildPhase section */

/* Begin PBXGroup section */
		EF0B9C412AA4ECD100B40A40 = {
			isa = PBXGroup;
			children = (
				FBCC2C2F2D610DC90040E898 /* Localizable.xcstrings */,
				FB9E8C512D52619300E08987 /* SAES */,
				FB9E8B512D52614D00E08987 /* SAESTests */,
				FB9E8B4A2D52614A00E08987 /* SAESUITests */,
				EF0B9C4B2AA4ECD100B40A40 /* Products */,
			);
			sourceTree = "<group>";
		};
		EF0B9C4B2AA4ECD100B40A40 /* Products */ = {
			isa = PBXGroup;
			children = (
				EF0B9C4A2AA4ECD100B40A40 /* SAES.app */,
				EF0B9C5B2AA4ECD300B40A40 /* SAESTests.xctest */,
				EF0B9C652AA4ECD300B40A40 /* SAESUITests.xctest */,
			);
			name = Products;
			sourceTree = "<group>";
		};
/* End PBXGroup section */

/* Begin PBXNativeTarget section */
		EF0B9C492AA4ECD100B40A40 /* SAES */ = {
			isa = PBXNativeTarget;
			buildConfigurationList = EF0B9C6F2AA4ECD300B40A40 /* Build configuration list for PBXNativeTarget "SAES" */;
			buildPhases = (
				EF0B9C462AA4ECD100B40A40 /* Sources */,
				EF0B9C472AA4ECD100B40A40 /* Frameworks */,
				EF0B9C482AA4ECD100B40A40 /* Resources */,
				EF1F419C2AB1876C002CEBAE /* ShellScript */,
			);
			buildRules = (
			);
			dependencies = (
			);
			fileSystemSynchronizedGroups = (
				FB9E8C512D52619300E08987 /* SAES */,
			);
			name = SAES;
			packageProductDependencies = (
				FBF652E52BA5A1870085C773 /* Routing */,
				FB4154CE2C4D555000DCE780 /* Alamofire */,
				FBF38D9D2D52685400154888 /* SplashScreenAMC */,
				FBF38DA02D526AB500154888 /* WebViewAMC */,
				FB8EE7A62D52C49F00EC2D01 /* WebViewAMC */,
				FB7307C72D662F20006261C3 /* CustomKit */,
				FB488A292D67B96B0067D81F /* Inject */,
				FB08ECAB2D78B94600724975 /* PostHog */,
				FB08F1432D7BC65B00724975 /* SwiftSoup */,
			);
			productName = SAES;
			productReference = EF0B9C4A2AA4ECD100B40A40 /* SAES.app */;
			productType = "com.apple.product-type.application";
		};
		EF0B9C5A2AA4ECD300B40A40 /* SAESTests */ = {
			isa = PBXNativeTarget;
			buildConfigurationList = EF0B9C722AA4ECD300B40A40 /* Build configuration list for PBXNativeTarget "SAESTests" */;
			buildPhases = (
				EF0B9C572AA4ECD300B40A40 /* Sources */,
				EF0B9C582AA4ECD300B40A40 /* Frameworks */,
				EF0B9C592AA4ECD300B40A40 /* Resources */,
			);
			buildRules = (
			);
			dependencies = (
				EF0B9C5D2AA4ECD300B40A40 /* PBXTargetDependency */,
			);
			fileSystemSynchronizedGroups = (
				FB9E8B512D52614D00E08987 /* SAESTests */,
			);
			name = SAESTests;
			productName = SAESTests;
			productReference = EF0B9C5B2AA4ECD300B40A40 /* SAESTests.xctest */;
			productType = "com.apple.product-type.bundle.unit-test";
		};
		EF0B9C642AA4ECD300B40A40 /* SAESUITests */ = {
			isa = PBXNativeTarget;
			buildConfigurationList = EF0B9C752AA4ECD300B40A40 /* Build configuration list for PBXNativeTarget "SAESUITests" */;
			buildPhases = (
				EF0B9C612AA4ECD300B40A40 /* Sources */,
				EF0B9C622AA4ECD300B40A40 /* Frameworks */,
				EF0B9C632AA4ECD300B40A40 /* Resources */,
			);
			buildRules = (
			);
			dependencies = (
				EF0B9C672AA4ECD300B40A40 /* PBXTargetDependency */,
			);
			fileSystemSynchronizedGroups = (
				FB9E8B4A2D52614A00E08987 /* SAESUITests */,
			);
			name = SAESUITests;
			productName = SAESUITests;
			productReference = EF0B9C652AA4ECD300B40A40 /* SAESUITests.xctest */;
			productType = "com.apple.product-type.bundle.ui-testing";
		};
/* End PBXNativeTarget section */

/* Begin PBXProject section */
		EF0B9C422AA4ECD100B40A40 /* Project object */ = {
			isa = PBXProject;
			attributes = {
				BuildIndependentTargetsInParallel = 1;
				LastSwiftUpdateCheck = 1620;
				LastUpgradeCheck = 1620;
				TargetAttributes = {
					EF0B9C492AA4ECD100B40A40 = {
						CreatedOnToolsVersion = 14.3.1;
					};
					EF0B9C5A2AA4ECD300B40A40 = {
						CreatedOnToolsVersion = 14.3.1;
						TestTargetID = EF0B9C492AA4ECD100B40A40;
					};
					EF0B9C642AA4ECD300B40A40 = {
						CreatedOnToolsVersion = 14.3.1;
						TestTargetID = EF0B9C492AA4ECD100B40A40;
					};
				};
			};
			buildConfigurationList = EF0B9C452AA4ECD100B40A40 /* Build configuration list for PBXProject "SAES" */;
			compatibilityVersion = "Xcode 14.0";
			developmentRegion = en;
			hasScannedForEncodings = 0;
			knownRegions = (
				en,
				Base,
			);
			mainGroup = EF0B9C412AA4ECD100B40A40;
			packageReferences = (
				FBF652E42BA5A1870085C773 /* XCRemoteSwiftPackageReference "Routing" */,
				FB4154CD2C4D555000DCE780 /* XCRemoteSwiftPackageReference "Alamofire" */,
				FBF38D9C2D52685400154888 /* XCRemoteSwiftPackageReference "SplashScreenAMC" */,
				FB8EE7A52D52C49F00EC2D01 /* XCLocalSwiftPackageReference "../../WebViewAMC" */,
				FB7307C62D662F20006261C3 /* XCLocalSwiftPackageReference "../../../../Desktop/CustomKit" */,
				FB488A282D67B96B0067D81F /* XCRemoteSwiftPackageReference "Inject" */,
				FB08ECAA2D78B94600724975 /* XCRemoteSwiftPackageReference "posthog-ios" */,
				FB08F1422D7BC65B00724975 /* XCRemoteSwiftPackageReference "SwiftSoup" */,
			);
			productRefGroup = EF0B9C4B2AA4ECD100B40A40 /* Products */;
			projectDirPath = "";
			projectRoot = "";
			targets = (
				EF0B9C492AA4ECD100B40A40 /* SAES */,
				EF0B9C5A2AA4ECD300B40A40 /* SAESTests */,
				EF0B9C642AA4ECD300B40A40 /* SAESUITests */,
			);
		};
/* End PBXProject section */

/* Begin PBXResourcesBuildPhase section */
		EF0B9C482AA4ECD100B40A40 /* Resources */ = {
			isa = PBXResourcesBuildPhase;
			buildActionMask = 2147483647;
			files = (
				FBCC2C302D610DC90040E898 /* Localizable.xcstrings in Resources */,
			);
			runOnlyForDeploymentPostprocessing = 0;
		};
		EF0B9C592AA4ECD300B40A40 /* Resources */ = {
			isa = PBXResourcesBuildPhase;
			buildActionMask = 2147483647;
			files = (
			);
			runOnlyForDeploymentPostprocessing = 0;
		};
		EF0B9C632AA4ECD300B40A40 /* Resources */ = {
			isa = PBXResourcesBuildPhase;
			buildActionMask = 2147483647;
			files = (
			);
			runOnlyForDeploymentPostprocessing = 0;
		};
/* End PBXResourcesBuildPhase section */

/* Begin PBXShellScriptBuildPhase section */
		EF1F419C2AB1876C002CEBAE /* ShellScript */ = {
			isa = PBXShellScriptBuildPhase;
			alwaysOutOfDate = 1;
			buildActionMask = 2147483647;
			files = (
			);
			inputFileListPaths = (
			);
			inputPaths = (
			);
			outputFileListPaths = (
			);
			outputPaths = (
			);
			runOnlyForDeploymentPostprocessing = 0;
			shellPath = /bin/sh;
			shellScript = "# Type a script or drag a script file from your workspace to insert its path.\nif [[ \"$(uname -m)\" == arm64 ]]; then\n    export PATH=\"/opt/homebrew/bin:$PATH\"\nfi\n\nif which swiftlint > /dev/null; then\n  swiftlint\nelse\n  echo \"warning: SwiftLint not installed, download from https://github.com/realm/SwiftLint\"\nfi\n";
		};
/* End PBXShellScriptBuildPhase section */

/* Begin PBXSourcesBuildPhase section */
		EF0B9C462AA4ECD100B40A40 /* Sources */ = {
			isa = PBXSourcesBuildPhase;
			buildActionMask = 2147483647;
			files = (
			);
			runOnlyForDeploymentPostprocessing = 0;
		};
		EF0B9C572AA4ECD300B40A40 /* Sources */ = {
			isa = PBXSourcesBuildPhase;
			buildActionMask = 2147483647;
			files = (
			);
			runOnlyForDeploymentPostprocessing = 0;
		};
		EF0B9C612AA4ECD300B40A40 /* Sources */ = {
			isa = PBXSourcesBuildPhase;
			buildActionMask = 2147483647;
			files = (
			);
			runOnlyForDeploymentPostprocessing = 0;
		};
/* End PBXSourcesBuildPhase section */

/* Begin PBXTargetDependency section */
		EF0B9C5D2AA4ECD300B40A40 /* PBXTargetDependency */ = {
			isa = PBXTargetDependency;
			target = EF0B9C492AA4ECD100B40A40 /* SAES */;
			targetProxy = EF0B9C5C2AA4ECD300B40A40 /* PBXContainerItemProxy */;
		};
		EF0B9C672AA4ECD300B40A40 /* PBXTargetDependency */ = {
			isa = PBXTargetDependency;
			target = EF0B9C492AA4ECD100B40A40 /* SAES */;
			targetProxy = EF0B9C662AA4ECD300B40A40 /* PBXContainerItemProxy */;
		};
/* End PBXTargetDependency section */

/* Begin XCBuildConfiguration section */
		EF0B9C6D2AA4ECD300B40A40 /* Debug */ = {
			isa = XCBuildConfiguration;
			buildSettings = {
				ALWAYS_SEARCH_USER_PATHS = NO;
				ASSETCATALOG_COMPILER_GENERATE_SWIFT_ASSET_SYMBOL_EXTENSIONS = YES;
				CLANG_ANALYZER_NONNULL = YES;
				CLANG_ANALYZER_NUMBER_OBJECT_CONVERSION = YES_AGGRESSIVE;
				CLANG_CXX_LANGUAGE_STANDARD = "gnu++20";
				CLANG_ENABLE_MODULES = YES;
				CLANG_ENABLE_OBJC_ARC = YES;
				CLANG_ENABLE_OBJC_WEAK = YES;
				CLANG_WARN_BLOCK_CAPTURE_AUTORELEASING = YES;
				CLANG_WARN_BOOL_CONVERSION = YES;
				CLANG_WARN_COMMA = YES;
				CLANG_WARN_CONSTANT_CONVERSION = YES;
				CLANG_WARN_DEPRECATED_OBJC_IMPLEMENTATIONS = YES;
				CLANG_WARN_DIRECT_OBJC_ISA_USAGE = YES_ERROR;
				CLANG_WARN_DOCUMENTATION_COMMENTS = YES;
				CLANG_WARN_EMPTY_BODY = YES;
				CLANG_WARN_ENUM_CONVERSION = YES;
				CLANG_WARN_INFINITE_RECURSION = YES;
				CLANG_WARN_INT_CONVERSION = YES;
				CLANG_WARN_NON_LITERAL_NULL_CONVERSION = YES;
				CLANG_WARN_OBJC_IMPLICIT_RETAIN_SELF = YES;
				CLANG_WARN_OBJC_LITERAL_CONVERSION = YES;
				CLANG_WARN_OBJC_ROOT_CLASS = YES_ERROR;
				CLANG_WARN_QUOTED_INCLUDE_IN_FRAMEWORK_HEADER = YES;
				CLANG_WARN_RANGE_LOOP_ANALYSIS = YES;
				CLANG_WARN_STRICT_PROTOTYPES = YES;
				CLANG_WARN_SUSPICIOUS_MOVE = YES;
				CLANG_WARN_UNGUARDED_AVAILABILITY = YES_AGGRESSIVE;
				CLANG_WARN_UNREACHABLE_CODE = YES;
				CLANG_WARN__DUPLICATE_METHOD_MATCH = YES;
				COPY_PHASE_STRIP = NO;
				DEAD_CODE_STRIPPING = YES;
				DEBUG_INFORMATION_FORMAT = dwarf;
				ENABLE_STRICT_OBJC_MSGSEND = YES;
				ENABLE_TESTABILITY = YES;
				GCC_C_LANGUAGE_STANDARD = gnu11;
				GCC_DYNAMIC_NO_PIC = NO;
				GCC_NO_COMMON_BLOCKS = YES;
				GCC_OPTIMIZATION_LEVEL = 0;
				GCC_PREPROCESSOR_DEFINITIONS = (
					"DEBUG=1",
					"$(inherited)",
				);
				GCC_WARN_64_TO_32_BIT_CONVERSION = YES;
				GCC_WARN_ABOUT_RETURN_TYPE = YES_ERROR;
				GCC_WARN_UNDECLARED_SELECTOR = YES;
				GCC_WARN_UNINITIALIZED_AUTOS = YES_AGGRESSIVE;
				GCC_WARN_UNUSED_FUNCTION = YES;
				GCC_WARN_UNUSED_VARIABLE = YES;
				MTL_ENABLE_DEBUG_INFO = INCLUDE_SOURCE;
				MTL_FAST_MATH = YES;
				ONLY_ACTIVE_ARCH = YES;
				SWIFT_ACTIVE_COMPILATION_CONDITIONS = DEBUG;
				SWIFT_EMIT_LOC_STRINGS = YES;
				SWIFT_OPTIMIZATION_LEVEL = "-Onone";
			};
			name = Debug;
		};
		EF0B9C6E2AA4ECD300B40A40 /* Release */ = {
			isa = XCBuildConfiguration;
			buildSettings = {
				ALWAYS_SEARCH_USER_PATHS = NO;
				ASSETCATALOG_COMPILER_GENERATE_SWIFT_ASSET_SYMBOL_EXTENSIONS = YES;
				CLANG_ANALYZER_NONNULL = YES;
				CLANG_ANALYZER_NUMBER_OBJECT_CONVERSION = YES_AGGRESSIVE;
				CLANG_CXX_LANGUAGE_STANDARD = "gnu++20";
				CLANG_ENABLE_MODULES = YES;
				CLANG_ENABLE_OBJC_ARC = YES;
				CLANG_ENABLE_OBJC_WEAK = YES;
				CLANG_WARN_BLOCK_CAPTURE_AUTORELEASING = YES;
				CLANG_WARN_BOOL_CONVERSION = YES;
				CLANG_WARN_COMMA = YES;
				CLANG_WARN_CONSTANT_CONVERSION = YES;
				CLANG_WARN_DEPRECATED_OBJC_IMPLEMENTATIONS = YES;
				CLANG_WARN_DIRECT_OBJC_ISA_USAGE = YES_ERROR;
				CLANG_WARN_DOCUMENTATION_COMMENTS = YES;
				CLANG_WARN_EMPTY_BODY = YES;
				CLANG_WARN_ENUM_CONVERSION = YES;
				CLANG_WARN_INFINITE_RECURSION = YES;
				CLANG_WARN_INT_CONVERSION = YES;
				CLANG_WARN_NON_LITERAL_NULL_CONVERSION = YES;
				CLANG_WARN_OBJC_IMPLICIT_RETAIN_SELF = YES;
				CLANG_WARN_OBJC_LITERAL_CONVERSION = YES;
				CLANG_WARN_OBJC_ROOT_CLASS = YES_ERROR;
				CLANG_WARN_QUOTED_INCLUDE_IN_FRAMEWORK_HEADER = YES;
				CLANG_WARN_RANGE_LOOP_ANALYSIS = YES;
				CLANG_WARN_STRICT_PROTOTYPES = YES;
				CLANG_WARN_SUSPICIOUS_MOVE = YES;
				CLANG_WARN_UNGUARDED_AVAILABILITY = YES_AGGRESSIVE;
				CLANG_WARN_UNREACHABLE_CODE = YES;
				CLANG_WARN__DUPLICATE_METHOD_MATCH = YES;
				COPY_PHASE_STRIP = NO;
				DEAD_CODE_STRIPPING = YES;
				DEBUG_INFORMATION_FORMAT = "dwarf-with-dsym";
				ENABLE_NS_ASSERTIONS = NO;
				ENABLE_STRICT_OBJC_MSGSEND = YES;
				GCC_C_LANGUAGE_STANDARD = gnu11;
				GCC_NO_COMMON_BLOCKS = YES;
				GCC_WARN_64_TO_32_BIT_CONVERSION = YES;
				GCC_WARN_ABOUT_RETURN_TYPE = YES_ERROR;
				GCC_WARN_UNDECLARED_SELECTOR = YES;
				GCC_WARN_UNINITIALIZED_AUTOS = YES_AGGRESSIVE;
				GCC_WARN_UNUSED_FUNCTION = YES;
				GCC_WARN_UNUSED_VARIABLE = YES;
				MTL_ENABLE_DEBUG_INFO = NO;
				MTL_FAST_MATH = YES;
				SWIFT_COMPILATION_MODE = wholemodule;
				SWIFT_EMIT_LOC_STRINGS = YES;
				SWIFT_OPTIMIZATION_LEVEL = "-O";
			};
			name = Release;
		};
		EF0B9C702AA4ECD300B40A40 /* Debug */ = {
			isa = XCBuildConfiguration;
			buildSettings = {
				ASSETCATALOG_COMPILER_APPICON_NAME = AppIcon;
				ASSETCATALOG_COMPILER_GLOBAL_ACCENT_COLOR_NAME = AccentColor;
				CODE_SIGN_ENTITLEMENTS = SAES/SAES.entitlements;
				"CODE_SIGN_IDENTITY[sdk=macosx*]" = "Apple Development";
				CODE_SIGN_STYLE = Automatic;
				CURRENT_PROJECT_VERSION = 1;
				DEAD_CODE_STRIPPING = YES;
				DEVELOPMENT_ASSET_PATHS = "";
				DEVELOPMENT_TEAM = 6W648Y39HX;
				ENABLE_HARDENED_RUNTIME = YES;
				"ENABLE_HARDENED_RUNTIME[sdk=macosx*]" = YES;
				ENABLE_PREVIEWS = YES;
				GENERATE_INFOPLIST_FILE = YES;
				INFOPLIST_FILE = SAES/Info.plist;
				INFOPLIST_KEY_NSCalendarsUsageDescription = "Hola mundo";
				"INFOPLIST_KEY_UIApplicationSceneManifest_Generation[sdk=iphoneos*]" = YES;
				"INFOPLIST_KEY_UIApplicationSceneManifest_Generation[sdk=iphonesimulator*]" = YES;
				"INFOPLIST_KEY_UIApplicationSupportsIndirectInputEvents[sdk=iphoneos*]" = YES;
				"INFOPLIST_KEY_UIApplicationSupportsIndirectInputEvents[sdk=iphonesimulator*]" = YES;
				"INFOPLIST_KEY_UILaunchScreen_Generation[sdk=iphoneos*]" = YES;
				"INFOPLIST_KEY_UILaunchScreen_Generation[sdk=iphonesimulator*]" = YES;
				"INFOPLIST_KEY_UIStatusBarStyle[sdk=iphoneos*]" = UIStatusBarStyleDefault;
				"INFOPLIST_KEY_UIStatusBarStyle[sdk=iphonesimulator*]" = UIStatusBarStyleDefault;
				INFOPLIST_KEY_UISupportedInterfaceOrientations_iPad = "UIInterfaceOrientationPortrait UIInterfaceOrientationPortraitUpsideDown UIInterfaceOrientationLandscapeLeft UIInterfaceOrientationLandscapeRight";
				INFOPLIST_KEY_UISupportedInterfaceOrientations_iPhone = "UIInterfaceOrientationPortrait UIInterfaceOrientationLandscapeLeft UIInterfaceOrientationLandscapeRight";
				IPHONEOS_DEPLOYMENT_TARGET = 16.0;
				LD_RUNPATH_SEARCH_PATHS = "@executable_path/Frameworks";
				"LD_RUNPATH_SEARCH_PATHS[sdk=macosx*]" = "@executable_path/../Frameworks";
				MACOSX_DEPLOYMENT_TARGET = 13.3;
				MARKETING_VERSION = 1.0;
				OTHER_LDFLAGS = (
					"-Xlinker",
					"-interposable",
				);
				PRODUCT_BUNDLE_IDENTIFIER = "com.roncuevas.saes-app";
				PRODUCT_NAME = "$(TARGET_NAME)";
				SDKROOT = auto;
				SUPPORTED_PLATFORMS = "iphoneos iphonesimulator macosx";
				SWIFT_EMIT_LOC_STRINGS = YES;
				SWIFT_VERSION = 5.0;
				TARGETED_DEVICE_FAMILY = "1,2";
			};
			name = Debug;
		};
		EF0B9C712AA4ECD300B40A40 /* Release */ = {
			isa = XCBuildConfiguration;
			buildSettings = {
				ASSETCATALOG_COMPILER_APPICON_NAME = AppIcon;
				ASSETCATALOG_COMPILER_GLOBAL_ACCENT_COLOR_NAME = AccentColor;
				CODE_SIGN_ENTITLEMENTS = SAES/SAES.entitlements;
				"CODE_SIGN_IDENTITY[sdk=macosx*]" = "Apple Development";
				CODE_SIGN_STYLE = Automatic;
				CURRENT_PROJECT_VERSION = 1;
				DEAD_CODE_STRIPPING = YES;
				DEVELOPMENT_ASSET_PATHS = "";
				DEVELOPMENT_TEAM = 6W648Y39HX;
				ENABLE_HARDENED_RUNTIME = YES;
				"ENABLE_HARDENED_RUNTIME[sdk=macosx*]" = YES;
				ENABLE_PREVIEWS = YES;
				GENERATE_INFOPLIST_FILE = YES;
				INFOPLIST_FILE = SAES/Info.plist;
				INFOPLIST_KEY_NSCalendarsUsageDescription = "Hola mundo";
				"INFOPLIST_KEY_UIApplicationSceneManifest_Generation[sdk=iphoneos*]" = YES;
				"INFOPLIST_KEY_UIApplicationSceneManifest_Generation[sdk=iphonesimulator*]" = YES;
				"INFOPLIST_KEY_UIApplicationSupportsIndirectInputEvents[sdk=iphoneos*]" = YES;
				"INFOPLIST_KEY_UIApplicationSupportsIndirectInputEvents[sdk=iphonesimulator*]" = YES;
				"INFOPLIST_KEY_UILaunchScreen_Generation[sdk=iphoneos*]" = YES;
				"INFOPLIST_KEY_UILaunchScreen_Generation[sdk=iphonesimulator*]" = YES;
				"INFOPLIST_KEY_UIStatusBarStyle[sdk=iphoneos*]" = UIStatusBarStyleDefault;
				"INFOPLIST_KEY_UIStatusBarStyle[sdk=iphonesimulator*]" = UIStatusBarStyleDefault;
				INFOPLIST_KEY_UISupportedInterfaceOrientations_iPad = "UIInterfaceOrientationPortrait UIInterfaceOrientationPortraitUpsideDown UIInterfaceOrientationLandscapeLeft UIInterfaceOrientationLandscapeRight";
				INFOPLIST_KEY_UISupportedInterfaceOrientations_iPhone = "UIInterfaceOrientationPortrait UIInterfaceOrientationLandscapeLeft UIInterfaceOrientationLandscapeRight";
				IPHONEOS_DEPLOYMENT_TARGET = 16.0;
				LD_RUNPATH_SEARCH_PATHS = "@executable_path/Frameworks";
				"LD_RUNPATH_SEARCH_PATHS[sdk=macosx*]" = "@executable_path/../Frameworks";
				MACOSX_DEPLOYMENT_TARGET = 13.3;
				MARKETING_VERSION = 1.0;
				OTHER_LDFLAGS = "";
				PRODUCT_BUNDLE_IDENTIFIER = "com.roncuevas.saes-app";
				PRODUCT_NAME = "$(TARGET_NAME)";
				SDKROOT = auto;
				SUPPORTED_PLATFORMS = "iphoneos iphonesimulator macosx";
				SWIFT_EMIT_LOC_STRINGS = YES;
				SWIFT_VERSION = 5.0;
				TARGETED_DEVICE_FAMILY = "1,2";
			};
			name = Release;
		};
		EF0B9C732AA4ECD300B40A40 /* Debug */ = {
			isa = XCBuildConfiguration;
			buildSettings = {
				BUNDLE_LOADER = "$(TEST_HOST)";
				CODE_SIGN_STYLE = Automatic;
				CURRENT_PROJECT_VERSION = 1;
				DEAD_CODE_STRIPPING = YES;
				DEVELOPMENT_TEAM = QFA5T399JD;
				GENERATE_INFOPLIST_FILE = YES;
				IPHONEOS_DEPLOYMENT_TARGET = 16.4;
				MACOSX_DEPLOYMENT_TARGET = 13.3;
				MARKETING_VERSION = 1.0;
				PRODUCT_BUNDLE_IDENTIFIER = com.roncuevas.SAESTests;
				PRODUCT_NAME = "$(TARGET_NAME)";
				SDKROOT = auto;
				SUPPORTED_PLATFORMS = "iphoneos iphonesimulator macosx";
				SWIFT_EMIT_LOC_STRINGS = NO;
				SWIFT_VERSION = 5.0;
				TARGETED_DEVICE_FAMILY = "1,2";
				TEST_HOST = "$(BUILT_PRODUCTS_DIR)/SAES.app/$(BUNDLE_EXECUTABLE_FOLDER_PATH)/SAES";
			};
			name = Debug;
		};
		EF0B9C742AA4ECD300B40A40 /* Release */ = {
			isa = XCBuildConfiguration;
			buildSettings = {
				BUNDLE_LOADER = "$(TEST_HOST)";
				CODE_SIGN_STYLE = Automatic;
				CURRENT_PROJECT_VERSION = 1;
				DEAD_CODE_STRIPPING = YES;
				DEVELOPMENT_TEAM = QFA5T399JD;
				GENERATE_INFOPLIST_FILE = YES;
				IPHONEOS_DEPLOYMENT_TARGET = 16.4;
				MACOSX_DEPLOYMENT_TARGET = 13.3;
				MARKETING_VERSION = 1.0;
				PRODUCT_BUNDLE_IDENTIFIER = com.roncuevas.SAESTests;
				PRODUCT_NAME = "$(TARGET_NAME)";
				SDKROOT = auto;
				SUPPORTED_PLATFORMS = "iphoneos iphonesimulator macosx";
				SWIFT_EMIT_LOC_STRINGS = NO;
				SWIFT_VERSION = 5.0;
				TARGETED_DEVICE_FAMILY = "1,2";
				TEST_HOST = "$(BUILT_PRODUCTS_DIR)/SAES.app/$(BUNDLE_EXECUTABLE_FOLDER_PATH)/SAES";
			};
			name = Release;
		};
		EF0B9C762AA4ECD300B40A40 /* Debug */ = {
			isa = XCBuildConfiguration;
			buildSettings = {
				CODE_SIGN_STYLE = Automatic;
				CURRENT_PROJECT_VERSION = 1;
				DEAD_CODE_STRIPPING = YES;
				DEVELOPMENT_TEAM = QFA5T399JD;
				GENERATE_INFOPLIST_FILE = YES;
				IPHONEOS_DEPLOYMENT_TARGET = 16.4;
				MACOSX_DEPLOYMENT_TARGET = 13.3;
				MARKETING_VERSION = 1.0;
				PRODUCT_BUNDLE_IDENTIFIER = com.roncuevas.SAESUITests;
				PRODUCT_NAME = "$(TARGET_NAME)";
				SDKROOT = auto;
				SUPPORTED_PLATFORMS = "iphoneos iphonesimulator macosx";
				SWIFT_EMIT_LOC_STRINGS = NO;
				SWIFT_VERSION = 5.0;
				TARGETED_DEVICE_FAMILY = "1,2";
				TEST_TARGET_NAME = SAES;
			};
			name = Debug;
		};
		EF0B9C772AA4ECD300B40A40 /* Release */ = {
			isa = XCBuildConfiguration;
			buildSettings = {
				CODE_SIGN_STYLE = Automatic;
				CURRENT_PROJECT_VERSION = 1;
				DEAD_CODE_STRIPPING = YES;
				DEVELOPMENT_TEAM = QFA5T399JD;
				GENERATE_INFOPLIST_FILE = YES;
				IPHONEOS_DEPLOYMENT_TARGET = 16.4;
				MACOSX_DEPLOYMENT_TARGET = 13.3;
				MARKETING_VERSION = 1.0;
				PRODUCT_BUNDLE_IDENTIFIER = com.roncuevas.SAESUITests;
				PRODUCT_NAME = "$(TARGET_NAME)";
				SDKROOT = auto;
				SUPPORTED_PLATFORMS = "iphoneos iphonesimulator macosx";
				SWIFT_EMIT_LOC_STRINGS = NO;
				SWIFT_VERSION = 5.0;
				TARGETED_DEVICE_FAMILY = "1,2";
				TEST_TARGET_NAME = SAES;
			};
			name = Release;
		};
/* End XCBuildConfiguration section */

/* Begin XCConfigurationList section */
		EF0B9C452AA4ECD100B40A40 /* Build configuration list for PBXProject "SAES" */ = {
			isa = XCConfigurationList;
			buildConfigurations = (
				EF0B9C6D2AA4ECD300B40A40 /* Debug */,
				EF0B9C6E2AA4ECD300B40A40 /* Release */,
			);
			defaultConfigurationIsVisible = 0;
			defaultConfigurationName = Release;
		};
		EF0B9C6F2AA4ECD300B40A40 /* Build configuration list for PBXNativeTarget "SAES" */ = {
			isa = XCConfigurationList;
			buildConfigurations = (
				EF0B9C702AA4ECD300B40A40 /* Debug */,
				EF0B9C712AA4ECD300B40A40 /* Release */,
			);
			defaultConfigurationIsVisible = 0;
			defaultConfigurationName = Release;
		};
		EF0B9C722AA4ECD300B40A40 /* Build configuration list for PBXNativeTarget "SAESTests" */ = {
			isa = XCConfigurationList;
			buildConfigurations = (
				EF0B9C732AA4ECD300B40A40 /* Debug */,
				EF0B9C742AA4ECD300B40A40 /* Release */,
			);
			defaultConfigurationIsVisible = 0;
			defaultConfigurationName = Release;
		};
		EF0B9C752AA4ECD300B40A40 /* Build configuration list for PBXNativeTarget "SAESUITests" */ = {
			isa = XCConfigurationList;
			buildConfigurations = (
				EF0B9C762AA4ECD300B40A40 /* Debug */,
				EF0B9C772AA4ECD300B40A40 /* Release */,
			);
			defaultConfigurationIsVisible = 0;
			defaultConfigurationName = Release;
		};
/* End XCConfigurationList section */

/* Begin XCLocalSwiftPackageReference section */
		FB7307C62D662F20006261C3 /* XCLocalSwiftPackageReference "../../../../Desktop/CustomKit" */ = {
			isa = XCLocalSwiftPackageReference;
			relativePath = ../../../../Desktop/CustomKit;
		};
		FB8EE7A52D52C49F00EC2D01 /* XCLocalSwiftPackageReference "../../WebViewAMC" */ = {
			isa = XCLocalSwiftPackageReference;
			relativePath = ../../WebViewAMC;
		};
/* End XCLocalSwiftPackageReference section */

/* Begin XCRemoteSwiftPackageReference section */
		FB08ECAA2D78B94600724975 /* XCRemoteSwiftPackageReference "posthog-ios" */ = {
			isa = XCRemoteSwiftPackageReference;
			repositoryURL = "https://github.com/PostHog/posthog-ios.git";
			requirement = {
				kind = upToNextMajorVersion;
				minimumVersion = 3.20.0;
			};
		};
		FB08F1422D7BC65B00724975 /* XCRemoteSwiftPackageReference "SwiftSoup" */ = {
			isa = XCRemoteSwiftPackageReference;
			repositoryURL = "https://github.com/scinfu/SwiftSoup.git";
			requirement = {
				kind = upToNextMajorVersion;
				minimumVersion = 2.8.5;
			};
		};
		FB4154CD2C4D555000DCE780 /* XCRemoteSwiftPackageReference "Alamofire" */ = {
			isa = XCRemoteSwiftPackageReference;
			repositoryURL = "https://github.com/Alamofire/Alamofire.git";
			requirement = {
				kind = upToNextMajorVersion;
				minimumVersion = 5.9.1;
			};
		};
		FB488A282D67B96B0067D81F /* XCRemoteSwiftPackageReference "Inject" */ = {
			isa = XCRemoteSwiftPackageReference;
			repositoryURL = "https://github.com/krzysztofzablocki/Inject.git";
			requirement = {
				kind = upToNextMajorVersion;
				minimumVersion = 1.5.2;
			};
		};
		FBF38D9C2D52685400154888 /* XCRemoteSwiftPackageReference "SplashScreenAMC" */ = {
			isa = XCRemoteSwiftPackageReference;
			repositoryURL = "https://github.com/roncuevas/SplashScreenAMC.git";
			requirement = {
				branch = main;
				kind = branch;
			};
		};
		FBF652E42BA5A1870085C773 /* XCRemoteSwiftPackageReference "Routing" */ = {
			isa = XCRemoteSwiftPackageReference;
			repositoryURL = "https://github.com/JamesSedlacek/Routing.git";
			requirement = {
				branch = main;
				kind = branch;
			};
		};
/* End XCRemoteSwiftPackageReference section */

/* Begin XCSwiftPackageProductDependency section */
		FB08ECAB2D78B94600724975 /* PostHog */ = {
			isa = XCSwiftPackageProductDependency;
			package = FB08ECAA2D78B94600724975 /* XCRemoteSwiftPackageReference "posthog-ios" */;
			productName = PostHog;
		};
		FB08F1432D7BC65B00724975 /* SwiftSoup */ = {
			isa = XCSwiftPackageProductDependency;
			package = FB08F1422D7BC65B00724975 /* XCRemoteSwiftPackageReference "SwiftSoup" */;
			productName = SwiftSoup;
		};
		FB4154CE2C4D555000DCE780 /* Alamofire */ = {
			isa = XCSwiftPackageProductDependency;
			package = FB4154CD2C4D555000DCE780 /* XCRemoteSwiftPackageReference "Alamofire" */;
			productName = Alamofire;
		};
		FB488A292D67B96B0067D81F /* Inject */ = {
			isa = XCSwiftPackageProductDependency;
			package = FB488A282D67B96B0067D81F /* XCRemoteSwiftPackageReference "Inject" */;
			productName = Inject;
		};
		FB7307C72D662F20006261C3 /* CustomKit */ = {
			isa = XCSwiftPackageProductDependency;
			productName = CustomKit;
		};
		FB8EE7A62D52C49F00EC2D01 /* WebViewAMC */ = {
			isa = XCSwiftPackageProductDependency;
			productName = WebViewAMC;
		};
		FBF38D9D2D52685400154888 /* SplashScreenAMC */ = {
			isa = XCSwiftPackageProductDependency;
			package = FBF38D9C2D52685400154888 /* XCRemoteSwiftPackageReference "SplashScreenAMC" */;
			productName = SplashScreenAMC;
		};
		FBF38DA02D526AB500154888 /* WebViewAMC */ = {
			isa = XCSwiftPackageProductDependency;
			productName = WebViewAMC;
		};
		FBF652E52BA5A1870085C773 /* Routing */ = {
			isa = XCSwiftPackageProductDependency;
			package = FBF652E42BA5A1870085C773 /* XCRemoteSwiftPackageReference "Routing" */;
			productName = Routing;
		};
/* End XCSwiftPackageProductDependency section */
	};
	rootObject = EF0B9C422AA4ECD100B40A40 /* Project object */;
}
