// !$*UTF8*$!
{
	archiveVersion = 1;
	classes = {
	};
	objectVersion = 56;
	objects = {

/* Begin PBXBuildFile section */
		EF0B9C4E2AA4ECD100B40A40 /* SAESApp.swift in Sources */ = {isa = PBXBuildFile; fileRef = EF0B9C4D2AA4ECD100B40A40 /* SAESApp.swift */; };
		EF0B9C522AA4ECD200B40A40 /* Assets.xcassets in Resources */ = {isa = PBXBuildFile; fileRef = EF0B9C512AA4ECD200B40A40 /* Assets.xcassets */; };
		EF0B9C602AA4ECD300B40A40 /* SAESTests.swift in Sources */ = {isa = PBXBuildFile; fileRef = EF0B9C5F2AA4ECD300B40A40 /* SAESTests.swift */; };
		EF0B9C6A2AA4ECD300B40A40 /* SAESUITests.swift in Sources */ = {isa = PBXBuildFile; fileRef = EF0B9C692AA4ECD300B40A40 /* SAESUITests.swift */; };
		EF0B9C6C2AA4ECD300B40A40 /* SAESUITestsLaunchTests.swift in Sources */ = {isa = PBXBuildFile; fileRef = EF0B9C6B2AA4ECD300B40A40 /* SAESUITestsLaunchTests.swift */; };
		EF0B9C7E2AA4F1B200B40A40 /* SplashScreenView.swift in Sources */ = {isa = PBXBuildFile; fileRef = EF0B9C7D2AA4F1B200B40A40 /* SplashScreenView.swift */; };
		EF0B9C832AA4F26400B40A40 /* Lottie in Frameworks */ = {isa = PBXBuildFile; productRef = EF0B9C822AA4F26400B40A40 /* Lottie */; };
		EF0B9C852AA4F28400B40A40 /* LottieView.swift in Sources */ = {isa = PBXBuildFile; fileRef = EF0B9C842AA4F28400B40A40 /* LottieView.swift */; };
		EF0B9C872AA4F33F00B40A40 /* MainView.swift in Sources */ = {isa = PBXBuildFile; fileRef = EF0B9C862AA4F33F00B40A40 /* MainView.swift */; };
		EF0B9C8C2AA4F3D400B40A40 /* NavigationRoutes.swift in Sources */ = {isa = PBXBuildFile; fileRef = EF0B9C8B2AA4F3D400B40A40 /* NavigationRoutes.swift */; };
		EF0B9C902AA4F59C00B40A40 /* SAES.json in Resources */ = {isa = PBXBuildFile; fileRef = EF0B9C8F2AA4F59C00B40A40 /* SAES.json */; };
		EF0B9C932AA4FA4000B40A40 /* LoginView.swift in Sources */ = {isa = PBXBuildFile; fileRef = EF0B9C922AA4FA4000B40A40 /* LoginView.swift */; };
		EF0B9C952AA4FA8F00B40A40 /* EnvironmentConstants.swift in Sources */ = {isa = PBXBuildFile; fileRef = EF0B9C942AA4FA8F00B40A40 /* EnvironmentConstants.swift */; };
		EF0B9C972AA501C500B40A40 /* SAESblack.json in Resources */ = {isa = PBXBuildFile; fileRef = EF0B9C962AA501C500B40A40 /* SAESblack.json */; };
		EF0B9C992AA502AF00B40A40 /* WebView.swift in Sources */ = {isa = PBXBuildFile; fileRef = EF0B9C982AA502AF00B40A40 /* WebView.swift */; };
		EF0B9C9C2AA5033F00B40A40 /* StringExtension.swift in Sources */ = {isa = PBXBuildFile; fileRef = EF0B9C9B2AA5033F00B40A40 /* StringExtension.swift */; };
		EF0B9C9F2AA5038A00B40A40 /* MessageHandler.swift in Sources */ = {isa = PBXBuildFile; fileRef = EF0B9C9E2AA5038A00B40A40 /* MessageHandler.swift */; };
		EF0B9CA32AA504F700B40A40 /* UniversityConstants.swift in Sources */ = {isa = PBXBuildFile; fileRef = EF0B9CA22AA504F700B40A40 /* UniversityConstants.swift */; };
		EF0B9CA52AA5204900B40A40 /* JavaScriptConstants.swift in Sources */ = {isa = PBXBuildFile; fileRef = EF0B9CA42AA5204900B40A40 /* JavaScriptConstants.swift */; };
		EF0B9CA82AA52CE800B40A40 /* PersonalDataView.swift in Sources */ = {isa = PBXBuildFile; fileRef = EF0B9CA72AA52CE800B40A40 /* PersonalDataView.swift */; };
		EF1E2F4E2AB76FFA003FF582 /* UserDefaultsCookieExtension.swift in Sources */ = {isa = PBXBuildFile; fileRef = EF1E2F4D2AB76FFA003FF582 /* UserDefaultsCookieExtension.swift */; };
		EF1E2F502AB7702C003FF582 /* UserDefaultsCookie.swift in Sources */ = {isa = PBXBuildFile; fileRef = EF1E2F4F2AB7702C003FF582 /* UserDefaultsCookie.swift */; };
		EF1E2F522AB77052003FF582 /* CookieStorage.swift in Sources */ = {isa = PBXBuildFile; fileRef = EF1E2F512AB77052003FF582 /* CookieStorage.swift */; };
		EF1E2F542AB77320003FF582 /* SchoolData.swift in Sources */ = {isa = PBXBuildFile; fileRef = EF1E2F532AB77320003FF582 /* SchoolData.swift */; };
		EF1E2F572AB77494003FF582 /* SetupView.swift in Sources */ = {isa = PBXBuildFile; fileRef = EF1E2F562AB77494003FF582 /* SetupView.swift */; };
		EFA226E92AB7818D00980FCB /* HighSchoolConstants.swift in Sources */ = {isa = PBXBuildFile; fileRef = EFA226E82AB7818D00980FCB /* HighSchoolConstants.swift */; };
		EFA226EC2AB7B1EC00980FCB /* Resources Assets.xcassets in Resources */ = {isa = PBXBuildFile; fileRef = EFA226EB2AB7B1EC00980FCB /* Resources Assets.xcassets */; };
		EFA226F22AB80FBF00980FCB /* LoginViewModel.swift in Sources */ = {isa = PBXBuildFile; fileRef = EFA226F12AB80FBF00980FCB /* LoginViewModel.swift */; };
		EFCFC1532ABE8336004AD99D /* SchoolCodesConstants.swift in Sources */ = {isa = PBXBuildFile; fileRef = EFCFC1522ABE8336004AD99D /* SchoolCodesConstants.swift */; };
		EFCFC1552ABE899D004AD99D /* SetupViewModel.swift in Sources */ = {isa = PBXBuildFile; fileRef = EFCFC1542ABE899D004AD99D /* SetupViewModel.swift */; };
		EFCFC15A2ABEB111004AD99D /* SchoolCodesExtension.swift in Sources */ = {isa = PBXBuildFile; fileRef = EFCFC1592ABEB111004AD99D /* SchoolCodesExtension.swift */; };
		EFCFC15F2ABEB627004AD99D /* AppDelegate.swift in Sources */ = {isa = PBXBuildFile; fileRef = EFCFC15E2ABEB627004AD99D /* AppDelegate.swift */; };
		EFE5CC8B2AB131D50000D5F0 /* UserDefaultsExtension.swift in Sources */ = {isa = PBXBuildFile; fileRef = EFE5CC8A2AB131D50000D5F0 /* UserDefaultsExtension.swift */; };
		EFE5CC8E2AB13EE80000D5F0 /* HTTPCookieExtension.swift in Sources */ = {isa = PBXBuildFile; fileRef = EFE5CC8D2AB13EE80000D5F0 /* HTTPCookieExtension.swift */; };
		EFEB3EC62AB2A70500495DDC /* WebViewManager.swift in Sources */ = {isa = PBXBuildFile; fileRef = EFEB3EC52AB2A70500495DDC /* WebViewManager.swift */; };
		FBF652E62BA5A1870085C773 /* Routing in Frameworks */ = {isa = PBXBuildFile; productRef = FBF652E52BA5A1870085C773 /* Routing */; };
/* End PBXBuildFile section */

/* Begin PBXContainerItemProxy section */
		EF0B9C5C2AA4ECD300B40A40 /* PBXContainerItemProxy */ = {
			isa = PBXContainerItemProxy;
			containerPortal = EF0B9C422AA4ECD100B40A40 /* Project object */;
			proxyType = 1;
			remoteGlobalIDString = EF0B9C492AA4ECD100B40A40;
			remoteInfo = SAES;
		};
		EF0B9C662AA4ECD300B40A40 /* PBXContainerItemProxy */ = {
			isa = PBXContainerItemProxy;
			containerPortal = EF0B9C422AA4ECD100B40A40 /* Project object */;
			proxyType = 1;
			remoteGlobalIDString = EF0B9C492AA4ECD100B40A40;
			remoteInfo = SAES;
		};
/* End PBXContainerItemProxy section */

/* Begin PBXFileReference section */
		EF0B9C4A2AA4ECD100B40A40 /* SAES.app */ = {isa = PBXFileReference; explicitFileType = wrapper.application; includeInIndex = 0; path = SAES.app; sourceTree = BUILT_PRODUCTS_DIR; };
		EF0B9C4D2AA4ECD100B40A40 /* SAESApp.swift */ = {isa = PBXFileReference; lastKnownFileType = sourcecode.swift; path = SAESApp.swift; sourceTree = "<group>"; };
		EF0B9C512AA4ECD200B40A40 /* Assets.xcassets */ = {isa = PBXFileReference; lastKnownFileType = folder.assetcatalog; path = Assets.xcassets; sourceTree = "<group>"; };
		EF0B9C532AA4ECD200B40A40 /* SAES.entitlements */ = {isa = PBXFileReference; lastKnownFileType = text.plist.entitlements; path = SAES.entitlements; sourceTree = "<group>"; };
		EF0B9C5B2AA4ECD300B40A40 /* SAESTests.xctest */ = {isa = PBXFileReference; explicitFileType = wrapper.cfbundle; includeInIndex = 0; path = SAESTests.xctest; sourceTree = BUILT_PRODUCTS_DIR; };
		EF0B9C5F2AA4ECD300B40A40 /* SAESTests.swift */ = {isa = PBXFileReference; lastKnownFileType = sourcecode.swift; path = SAESTests.swift; sourceTree = "<group>"; };
		EF0B9C652AA4ECD300B40A40 /* SAESUITests.xctest */ = {isa = PBXFileReference; explicitFileType = wrapper.cfbundle; includeInIndex = 0; path = SAESUITests.xctest; sourceTree = BUILT_PRODUCTS_DIR; };
		EF0B9C692AA4ECD300B40A40 /* SAESUITests.swift */ = {isa = PBXFileReference; lastKnownFileType = sourcecode.swift; path = SAESUITests.swift; sourceTree = "<group>"; };
		EF0B9C6B2AA4ECD300B40A40 /* SAESUITestsLaunchTests.swift */ = {isa = PBXFileReference; lastKnownFileType = sourcecode.swift; path = SAESUITestsLaunchTests.swift; sourceTree = "<group>"; };
		EF0B9C7D2AA4F1B200B40A40 /* SplashScreenView.swift */ = {isa = PBXFileReference; lastKnownFileType = sourcecode.swift; path = SplashScreenView.swift; sourceTree = "<group>"; };
		EF0B9C842AA4F28400B40A40 /* LottieView.swift */ = {isa = PBXFileReference; lastKnownFileType = sourcecode.swift; path = LottieView.swift; sourceTree = "<group>"; };
		EF0B9C862AA4F33F00B40A40 /* MainView.swift */ = {isa = PBXFileReference; lastKnownFileType = sourcecode.swift; path = MainView.swift; sourceTree = "<group>"; };
		EF0B9C8B2AA4F3D400B40A40 /* NavigationRoutes.swift */ = {isa = PBXFileReference; lastKnownFileType = sourcecode.swift; path = NavigationRoutes.swift; sourceTree = "<group>"; };
		EF0B9C8F2AA4F59C00B40A40 /* SAES.json */ = {isa = PBXFileReference; fileEncoding = 4; lastKnownFileType = text.json; path = SAES.json; sourceTree = "<group>"; };
		EF0B9C922AA4FA4000B40A40 /* LoginView.swift */ = {isa = PBXFileReference; lastKnownFileType = sourcecode.swift; path = LoginView.swift; sourceTree = "<group>"; };
		EF0B9C942AA4FA8F00B40A40 /* EnvironmentConstants.swift */ = {isa = PBXFileReference; lastKnownFileType = sourcecode.swift; path = EnvironmentConstants.swift; sourceTree = "<group>"; };
		EF0B9C962AA501C500B40A40 /* SAESblack.json */ = {isa = PBXFileReference; fileEncoding = 4; lastKnownFileType = text.json; path = SAESblack.json; sourceTree = "<group>"; };
		EF0B9C982AA502AF00B40A40 /* WebView.swift */ = {isa = PBXFileReference; lastKnownFileType = sourcecode.swift; path = WebView.swift; sourceTree = "<group>"; };
		EF0B9C9B2AA5033F00B40A40 /* StringExtension.swift */ = {isa = PBXFileReference; lastKnownFileType = sourcecode.swift; path = StringExtension.swift; sourceTree = "<group>"; };
		EF0B9C9E2AA5038A00B40A40 /* MessageHandler.swift */ = {isa = PBXFileReference; lastKnownFileType = sourcecode.swift; path = MessageHandler.swift; sourceTree = "<group>"; };
		EF0B9CA22AA504F700B40A40 /* UniversityConstants.swift */ = {isa = PBXFileReference; lastKnownFileType = sourcecode.swift; path = UniversityConstants.swift; sourceTree = "<group>"; };
		EF0B9CA42AA5204900B40A40 /* JavaScriptConstants.swift */ = {isa = PBXFileReference; lastKnownFileType = sourcecode.swift; path = JavaScriptConstants.swift; sourceTree = "<group>"; };
		EF0B9CA72AA52CE800B40A40 /* PersonalDataView.swift */ = {isa = PBXFileReference; lastKnownFileType = sourcecode.swift; path = PersonalDataView.swift; sourceTree = "<group>"; };
		EF1E2F4D2AB76FFA003FF582 /* UserDefaultsCookieExtension.swift */ = {isa = PBXFileReference; lastKnownFileType = sourcecode.swift; path = UserDefaultsCookieExtension.swift; sourceTree = "<group>"; };
		EF1E2F4F2AB7702C003FF582 /* UserDefaultsCookie.swift */ = {isa = PBXFileReference; lastKnownFileType = sourcecode.swift; path = UserDefaultsCookie.swift; sourceTree = "<group>"; };
		EF1E2F512AB77052003FF582 /* CookieStorage.swift */ = {isa = PBXFileReference; lastKnownFileType = sourcecode.swift; path = CookieStorage.swift; sourceTree = "<group>"; };
		EF1E2F532AB77320003FF582 /* SchoolData.swift */ = {isa = PBXFileReference; lastKnownFileType = sourcecode.swift; path = SchoolData.swift; sourceTree = "<group>"; };
		EF1E2F562AB77494003FF582 /* SetupView.swift */ = {isa = PBXFileReference; lastKnownFileType = sourcecode.swift; path = SetupView.swift; sourceTree = "<group>"; };
		EFA226E82AB7818D00980FCB /* HighSchoolConstants.swift */ = {isa = PBXFileReference; lastKnownFileType = sourcecode.swift; path = HighSchoolConstants.swift; sourceTree = "<group>"; };
		EFA226EB2AB7B1EC00980FCB /* Resources Assets.xcassets */ = {isa = PBXFileReference; lastKnownFileType = folder.assetcatalog; path = "Resources Assets.xcassets"; sourceTree = "<group>"; };
		EFA226F12AB80FBF00980FCB /* LoginViewModel.swift */ = {isa = PBXFileReference; lastKnownFileType = sourcecode.swift; path = LoginViewModel.swift; sourceTree = "<group>"; };
		EFCFC1522ABE8336004AD99D /* SchoolCodesConstants.swift */ = {isa = PBXFileReference; lastKnownFileType = sourcecode.swift; path = SchoolCodesConstants.swift; sourceTree = "<group>"; };
		EFCFC1542ABE899D004AD99D /* SetupViewModel.swift */ = {isa = PBXFileReference; lastKnownFileType = sourcecode.swift; path = SetupViewModel.swift; sourceTree = "<group>"; };
		EFCFC1592ABEB111004AD99D /* SchoolCodesExtension.swift */ = {isa = PBXFileReference; lastKnownFileType = sourcecode.swift; path = SchoolCodesExtension.swift; sourceTree = "<group>"; };
		EFCFC15E2ABEB627004AD99D /* AppDelegate.swift */ = {isa = PBXFileReference; lastKnownFileType = sourcecode.swift; path = AppDelegate.swift; sourceTree = "<group>"; };
		EFE5CC8A2AB131D50000D5F0 /* UserDefaultsExtension.swift */ = {isa = PBXFileReference; lastKnownFileType = sourcecode.swift; path = UserDefaultsExtension.swift; sourceTree = "<group>"; };
		EFE5CC8D2AB13EE80000D5F0 /* HTTPCookieExtension.swift */ = {isa = PBXFileReference; lastKnownFileType = sourcecode.swift; path = HTTPCookieExtension.swift; sourceTree = "<group>"; };
		EFEB3EC52AB2A70500495DDC /* WebViewManager.swift */ = {isa = PBXFileReference; lastKnownFileType = sourcecode.swift; path = WebViewManager.swift; sourceTree = "<group>"; };
/* End PBXFileReference section */

/* Begin PBXFrameworksBuildPhase section */
		EF0B9C472AA4ECD100B40A40 /* Frameworks */ = {
			isa = PBXFrameworksBuildPhase;
			buildActionMask = 2147483647;
			files = (
				EF0B9C832AA4F26400B40A40 /* Lottie in Frameworks */,
				FBF652E62BA5A1870085C773 /* Routing in Frameworks */,
			);
			runOnlyForDeploymentPostprocessing = 0;
		};
		EF0B9C582AA4ECD300B40A40 /* Frameworks */ = {
			isa = PBXFrameworksBuildPhase;
			buildActionMask = 2147483647;
			files = (
			);
			runOnlyForDeploymentPostprocessing = 0;
		};
		EF0B9C622AA4ECD300B40A40 /* Frameworks */ = {
			isa = PBXFrameworksBuildPhase;
			buildActionMask = 2147483647;
			files = (
			);
			runOnlyForDeploymentPostprocessing = 0;
		};
/* End PBXFrameworksBuildPhase section */

/* Begin PBXGroup section */
		EF0B9C412AA4ECD100B40A40 = {
			isa = PBXGroup;
			children = (
				EF0B9C4C2AA4ECD100B40A40 /* SAES */,
				EF0B9C5E2AA4ECD300B40A40 /* SAESTests */,
				EF0B9C682AA4ECD300B40A40 /* SAESUITests */,
				EF0B9C4B2AA4ECD100B40A40 /* Products */,
				EFCFC1642ABEDAF3004AD99D /* Frameworks */,
			);
			sourceTree = "<group>";
		};
		EF0B9C4B2AA4ECD100B40A40 /* Products */ = {
			isa = PBXGroup;
			children = (
				EF0B9C4A2AA4ECD100B40A40 /* SAES.app */,
				EF0B9C5B2AA4ECD300B40A40 /* SAESTests.xctest */,
				EF0B9C652AA4ECD300B40A40 /* SAESUITests.xctest */,
			);
			name = Products;
			sourceTree = "<group>";
		};
		EF0B9C4C2AA4ECD100B40A40 /* SAES */ = {
			isa = PBXGroup;
			children = (
				EF0B9C532AA4ECD200B40A40 /* SAES.entitlements */,
				EFCFC15E2ABEB627004AD99D /* AppDelegate.swift */,
				EF0B9C4D2AA4ECD100B40A40 /* SAESApp.swift */,
				EF0B9C7D2AA4F1B200B40A40 /* SplashScreenView.swift */,
				EFA226EA2AB7B12C00980FCB /* Assets */,
				EF0B9C782AA4F0CF00B40A40 /* Constants */,
				EF0B9C9A2AA5032C00B40A40 /* Extensions */,
				EF1E2F4C2AB76FBA003FF582 /* Models */,
				EF0B9C8D2AA4F57500B40A40 /* Resources */,
				EFE5CC8C2AB1336B0000D5F0 /* Views */,
			);
			path = SAES;
			sourceTree = "<group>";
		};
		EF0B9C5E2AA4ECD300B40A40 /* SAESTests */ = {
			isa = PBXGroup;
			children = (
				EF0B9C5F2AA4ECD300B40A40 /* SAESTests.swift */,
			);
			path = SAESTests;
			sourceTree = "<group>";
		};
		EF0B9C682AA4ECD300B40A40 /* SAESUITests */ = {
			isa = PBXGroup;
			children = (
				EF0B9C692AA4ECD300B40A40 /* SAESUITests.swift */,
				EF0B9C6B2AA4ECD300B40A40 /* SAESUITestsLaunchTests.swift */,
			);
			path = SAESUITests;
			sourceTree = "<group>";
		};
		EF0B9C782AA4F0CF00B40A40 /* Constants */ = {
			isa = PBXGroup;
			children = (
				EF0B9C942AA4FA8F00B40A40 /* EnvironmentConstants.swift */,
				EFCFC1562ABEAE84004AD99D /* Navigation */,
				EFCFC1572ABEAE93004AD99D /* Schools */,
				EFCFC1582ABEAEBD004AD99D /* WebKit */,
			);
			path = Constants;
			sourceTree = "<group>";
		};
		EF0B9C792AA4F0D800B40A40 /* Features */ = {
			isa = PBXGroup;
			children = (
				EF0B9C912AA4FA2900B40A40 /* Login */,
				EF0B9C8E2AA4F58600B40A40 /* MainView */,
				EF0B9CA62AA52CCE00B40A40 /* PersonalData */,
				EF1E2F552AB77479003FF582 /* Setup */,
			);
			path = Features;
			sourceTree = "<group>";
		};
		EF0B9C7A2AA4F0E200B40A40 /* Core */ = {
			isa = PBXGroup;
			children = (
				EF0B9C9D2AA5037900B40A40 /* WebView */,
				EF0B9C7F2AA4F1DE00B40A40 /* Lottie */,
			);
			path = Core;
			sourceTree = "<group>";
		};
		EF0B9C7F2AA4F1DE00B40A40 /* Lottie */ = {
			isa = PBXGroup;
			children = (
				EF0B9C842AA4F28400B40A40 /* LottieView.swift */,
			);
			path = Lottie;
			sourceTree = "<group>";
		};
		EF0B9C8D2AA4F57500B40A40 /* Resources */ = {
			isa = PBXGroup;
			children = (
				EFCFC1622ABEB6E5004AD99D /* Lottie animations */,
			);
			path = Resources;
			sourceTree = "<group>";
		};
		EF0B9C8E2AA4F58600B40A40 /* MainView */ = {
			isa = PBXGroup;
			children = (
				EF0B9C862AA4F33F00B40A40 /* MainView.swift */,
			);
			path = MainView;
			sourceTree = "<group>";
		};
		EF0B9C912AA4FA2900B40A40 /* Login */ = {
			isa = PBXGroup;
			children = (
				EF0B9C922AA4FA4000B40A40 /* LoginView.swift */,
				EFA226F12AB80FBF00980FCB /* LoginViewModel.swift */,
			);
			path = Login;
			sourceTree = "<group>";
		};
		EF0B9C9A2AA5032C00B40A40 /* Extensions */ = {
			isa = PBXGroup;
			children = (
				EFE5CC8D2AB13EE80000D5F0 /* HTTPCookieExtension.swift */,
				EFCFC1592ABEB111004AD99D /* SchoolCodesExtension.swift */,
				EF0B9C9B2AA5033F00B40A40 /* StringExtension.swift */,
				EF1E2F4D2AB76FFA003FF582 /* UserDefaultsCookieExtension.swift */,
				EFE5CC8A2AB131D50000D5F0 /* UserDefaultsExtension.swift */,
			);
			path = Extensions;
			sourceTree = "<group>";
		};
		EF0B9C9D2AA5037900B40A40 /* WebView */ = {
			isa = PBXGroup;
			children = (
				EF0B9C9E2AA5038A00B40A40 /* MessageHandler.swift */,
				EF0B9C982AA502AF00B40A40 /* WebView.swift */,
				EFEB3EC52AB2A70500495DDC /* WebViewManager.swift */,
			);
			path = WebView;
			sourceTree = "<group>";
		};
		EF0B9CA62AA52CCE00B40A40 /* PersonalData */ = {
			isa = PBXGroup;
			children = (
				EF0B9CA72AA52CE800B40A40 /* PersonalDataView.swift */,
			);
			path = PersonalData;
			sourceTree = "<group>";
		};
		EF1E2F4C2AB76FBA003FF582 /* Models */ = {
			isa = PBXGroup;
			children = (
				EF1E2F512AB77052003FF582 /* CookieStorage.swift */,
				EF1E2F532AB77320003FF582 /* SchoolData.swift */,
				EF1E2F4F2AB7702C003FF582 /* UserDefaultsCookie.swift */,
			);
			path = Models;
			sourceTree = "<group>";
		};
		EF1E2F552AB77479003FF582 /* Setup */ = {
			isa = PBXGroup;
			children = (
				EF1E2F562AB77494003FF582 /* SetupView.swift */,
				EFCFC1542ABE899D004AD99D /* SetupViewModel.swift */,
			);
			path = Setup;
			sourceTree = "<group>";
		};
		EFA226EA2AB7B12C00980FCB /* Assets */ = {
			isa = PBXGroup;
			children = (
				EF0B9C512AA4ECD200B40A40 /* Assets.xcassets */,
				EFA226EB2AB7B1EC00980FCB /* Resources Assets.xcassets */,
			);
			path = Assets;
			sourceTree = "<group>";
		};
		EFCFC1562ABEAE84004AD99D /* Navigation */ = {
			isa = PBXGroup;
			children = (
				EF0B9C8B2AA4F3D400B40A40 /* NavigationRoutes.swift */,
			);
			path = Navigation;
			sourceTree = "<group>";
		};
		EFCFC1572ABEAE93004AD99D /* Schools */ = {
			isa = PBXGroup;
			children = (
				EFA226E82AB7818D00980FCB /* HighSchoolConstants.swift */,
				EFCFC1522ABE8336004AD99D /* SchoolCodesConstants.swift */,
				EF0B9CA22AA504F700B40A40 /* UniversityConstants.swift */,
			);
			path = Schools;
			sourceTree = "<group>";
		};
		EFCFC1582ABEAEBD004AD99D /* WebKit */ = {
			isa = PBXGroup;
			children = (
				EF0B9CA42AA5204900B40A40 /* JavaScriptConstants.swift */,
			);
			path = WebKit;
			sourceTree = "<group>";
		};
		EFCFC1622ABEB6E5004AD99D /* Lottie animations */ = {
			isa = PBXGroup;
			children = (
				EF0B9C8F2AA4F59C00B40A40 /* SAES.json */,
				EF0B9C962AA501C500B40A40 /* SAESblack.json */,
			);
			path = "Lottie animations";
			sourceTree = "<group>";
		};
		EFCFC1642ABEDAF3004AD99D /* Frameworks */ = {
			isa = PBXGroup;
			children = (
			);
			name = Frameworks;
			sourceTree = "<group>";
		};
		EFE5CC8C2AB1336B0000D5F0 /* Views */ = {
			isa = PBXGroup;
			children = (
				EF0B9C7A2AA4F0E200B40A40 /* Core */,
				EF0B9C792AA4F0D800B40A40 /* Features */,
			);
			path = Views;
			sourceTree = "<group>";
		};
/* End PBXGroup section */

/* Begin PBXNativeTarget section */
		EF0B9C492AA4ECD100B40A40 /* SAES */ = {
			isa = PBXNativeTarget;
			buildConfigurationList = EF0B9C6F2AA4ECD300B40A40 /* Build configuration list for PBXNativeTarget "SAES" */;
			buildPhases = (
				EF0B9C462AA4ECD100B40A40 /* Sources */,
				EF0B9C472AA4ECD100B40A40 /* Frameworks */,
				EF0B9C482AA4ECD100B40A40 /* Resources */,
				EF1F419C2AB1876C002CEBAE /* ShellScript */,
			);
			buildRules = (
			);
			dependencies = (
			);
			name = SAES;
			packageProductDependencies = (
				EF0B9C822AA4F26400B40A40 /* Lottie */,
				FBF652E52BA5A1870085C773 /* Routing */,
			);
			productName = SAES;
			productReference = EF0B9C4A2AA4ECD100B40A40 /* SAES.app */;
			productType = "com.apple.product-type.application";
		};
		EF0B9C5A2AA4ECD300B40A40 /* SAESTests */ = {
			isa = PBXNativeTarget;
			buildConfigurationList = EF0B9C722AA4ECD300B40A40 /* Build configuration list for PBXNativeTarget "SAESTests" */;
			buildPhases = (
				EF0B9C572AA4ECD300B40A40 /* Sources */,
				EF0B9C582AA4ECD300B40A40 /* Frameworks */,
				EF0B9C592AA4ECD300B40A40 /* Resources */,
			);
			buildRules = (
			);
			dependencies = (
				EF0B9C5D2AA4ECD300B40A40 /* PBXTargetDependency */,
			);
			name = SAESTests;
			productName = SAESTests;
			productReference = EF0B9C5B2AA4ECD300B40A40 /* SAESTests.xctest */;
			productType = "com.apple.product-type.bundle.unit-test";
		};
		EF0B9C642AA4ECD300B40A40 /* SAESUITests */ = {
			isa = PBXNativeTarget;
			buildConfigurationList = EF0B9C752AA4ECD300B40A40 /* Build configuration list for PBXNativeTarget "SAESUITests" */;
			buildPhases = (
				EF0B9C612AA4ECD300B40A40 /* Sources */,
				EF0B9C622AA4ECD300B40A40 /* Frameworks */,
				EF0B9C632AA4ECD300B40A40 /* Resources */,
			);
			buildRules = (
			);
			dependencies = (
				EF0B9C672AA4ECD300B40A40 /* PBXTargetDependency */,
			);
			name = SAESUITests;
			productName = SAESUITests;
			productReference = EF0B9C652AA4ECD300B40A40 /* SAESUITests.xctest */;
			productType = "com.apple.product-type.bundle.ui-testing";
		};
/* End PBXNativeTarget section */

/* Begin PBXProject section */
		EF0B9C422AA4ECD100B40A40 /* Project object */ = {
			isa = PBXProject;
			attributes = {
				BuildIndependentTargetsInParallel = 1;
				LastSwiftUpdateCheck = 1430;
				LastUpgradeCheck = 1430;
				TargetAttributes = {
					EF0B9C492AA4ECD100B40A40 = {
						CreatedOnToolsVersion = 14.3.1;
					};
					EF0B9C5A2AA4ECD300B40A40 = {
						CreatedOnToolsVersion = 14.3.1;
						TestTargetID = EF0B9C492AA4ECD100B40A40;
					};
					EF0B9C642AA4ECD300B40A40 = {
						CreatedOnToolsVersion = 14.3.1;
						TestTargetID = EF0B9C492AA4ECD100B40A40;
					};
				};
			};
			buildConfigurationList = EF0B9C452AA4ECD100B40A40 /* Build configuration list for PBXProject "SAES" */;
			compatibilityVersion = "Xcode 14.0";
			developmentRegion = en;
			hasScannedForEncodings = 0;
			knownRegions = (
				en,
				Base,
			);
			mainGroup = EF0B9C412AA4ECD100B40A40;
			packageReferences = (
				EF0B9C812AA4F26400B40A40 /* XCRemoteSwiftPackageReference "lottie-spm" */,
				FBF652E42BA5A1870085C773 /* XCRemoteSwiftPackageReference "Routing" */,
			);
			productRefGroup = EF0B9C4B2AA4ECD100B40A40 /* Products */;
			projectDirPath = "";
			projectRoot = "";
			targets = (
				EF0B9C492AA4ECD100B40A40 /* SAES */,
				EF0B9C5A2AA4ECD300B40A40 /* SAESTests */,
				EF0B9C642AA4ECD300B40A40 /* SAESUITests */,
			);
		};
/* End PBXProject section */

/* Begin PBXResourcesBuildPhase section */
		EF0B9C482AA4ECD100B40A40 /* Resources */ = {
			isa = PBXResourcesBuildPhase;
			buildActionMask = 2147483647;
			files = (
				EFA226EC2AB7B1EC00980FCB /* Resources Assets.xcassets in Resources */,
				EF0B9C902AA4F59C00B40A40 /* SAES.json in Resources */,
				EF0B9C522AA4ECD200B40A40 /* Assets.xcassets in Resources */,
				EF0B9C972AA501C500B40A40 /* SAESblack.json in Resources */,
			);
			runOnlyForDeploymentPostprocessing = 0;
		};
		EF0B9C592AA4ECD300B40A40 /* Resources */ = {
			isa = PBXResourcesBuildPhase;
			buildActionMask = 2147483647;
			files = (
			);
			runOnlyForDeploymentPostprocessing = 0;
		};
		EF0B9C632AA4ECD300B40A40 /* Resources */ = {
			isa = PBXResourcesBuildPhase;
			buildActionMask = 2147483647;
			files = (
			);
			runOnlyForDeploymentPostprocessing = 0;
		};
/* End PBXResourcesBuildPhase section */

/* Begin PBXShellScriptBuildPhase section */
		EF1F419C2AB1876C002CEBAE /* ShellScript */ = {
			isa = PBXShellScriptBuildPhase;
			alwaysOutOfDate = 1;
			buildActionMask = 2147483647;
			files = (
			);
			inputFileListPaths = (
			);
			inputPaths = (
			);
			outputFileListPaths = (
			);
			outputPaths = (
			);
			runOnlyForDeploymentPostprocessing = 0;
			shellPath = /bin/sh;
			shellScript = "# Type a script or drag a script file from your workspace to insert its path.\nif [[ \"$(uname -m)\" == arm64 ]]; then\n    export PATH=\"/opt/homebrew/bin:$PATH\"\nfi\n\nif which swiftlint > /dev/null; then\n  swiftlint\nelse\n  echo \"warning: SwiftLint not installed, download from https://github.com/realm/SwiftLint\"\nfi\n";
		};
/* End PBXShellScriptBuildPhase section */

/* Begin PBXSourcesBuildPhase section */
		EF0B9C462AA4ECD100B40A40 /* Sources */ = {
			isa = PBXSourcesBuildPhase;
			buildActionMask = 2147483647;
			files = (
				EF1E2F4E2AB76FFA003FF582 /* UserDefaultsCookieExtension.swift in Sources */,
				EF0B9C4E2AA4ECD100B40A40 /* SAESApp.swift in Sources */,
				EF0B9C932AA4FA4000B40A40 /* LoginView.swift in Sources */,
				EF1E2F502AB7702C003FF582 /* UserDefaultsCookie.swift in Sources */,
				EFCFC15F2ABEB627004AD99D /* AppDelegate.swift in Sources */,
				EFCFC1552ABE899D004AD99D /* SetupViewModel.swift in Sources */,
				EF1E2F572AB77494003FF582 /* SetupView.swift in Sources */,
				EF0B9C9F2AA5038A00B40A40 /* MessageHandler.swift in Sources */,
				EF0B9C9C2AA5033F00B40A40 /* StringExtension.swift in Sources */,
				EF0B9C7E2AA4F1B200B40A40 /* SplashScreenView.swift in Sources */,
				EF0B9C8C2AA4F3D400B40A40 /* NavigationRoutes.swift in Sources */,
				EFCFC1532ABE8336004AD99D /* SchoolCodesConstants.swift in Sources */,
				EF0B9CA32AA504F700B40A40 /* UniversityConstants.swift in Sources */,
				EFA226E92AB7818D00980FCB /* HighSchoolConstants.swift in Sources */,
				EF1E2F542AB77320003FF582 /* SchoolData.swift in Sources */,
				EF1E2F522AB77052003FF582 /* CookieStorage.swift in Sources */,
				EF0B9C872AA4F33F00B40A40 /* MainView.swift in Sources */,
				EFE5CC8E2AB13EE80000D5F0 /* HTTPCookieExtension.swift in Sources */,
				EF0B9C852AA4F28400B40A40 /* LottieView.swift in Sources */,
				EFEB3EC62AB2A70500495DDC /* WebViewManager.swift in Sources */,
				EFE5CC8B2AB131D50000D5F0 /* UserDefaultsExtension.swift in Sources */,
				EF0B9C992AA502AF00B40A40 /* WebView.swift in Sources */,
				EFA226F22AB80FBF00980FCB /* LoginViewModel.swift in Sources */,
				EF0B9CA52AA5204900B40A40 /* JavaScriptConstants.swift in Sources */,
				EF0B9C952AA4FA8F00B40A40 /* EnvironmentConstants.swift in Sources */,
				EFCFC15A2ABEB111004AD99D /* SchoolCodesExtension.swift in Sources */,
				EF0B9CA82AA52CE800B40A40 /* PersonalDataView.swift in Sources */,
			);
			runOnlyForDeploymentPostprocessing = 0;
		};
		EF0B9C572AA4ECD300B40A40 /* Sources */ = {
			isa = PBXSourcesBuildPhase;
			buildActionMask = 2147483647;
			files = (
				EF0B9C602AA4ECD300B40A40 /* SAESTests.swift in Sources */,
			);
			runOnlyForDeploymentPostprocessing = 0;
		};
		EF0B9C612AA4ECD300B40A40 /* Sources */ = {
			isa = PBXSourcesBuildPhase;
			buildActionMask = 2147483647;
			files = (
				EF0B9C6C2AA4ECD300B40A40 /* SAESUITestsLaunchTests.swift in Sources */,
				EF0B9C6A2AA4ECD300B40A40 /* SAESUITests.swift in Sources */,
			);
			runOnlyForDeploymentPostprocessing = 0;
		};
/* End PBXSourcesBuildPhase section */

/* Begin PBXTargetDependency section */
		EF0B9C5D2AA4ECD300B40A40 /* PBXTargetDependency */ = {
			isa = PBXTargetDependency;
			target = EF0B9C492AA4ECD100B40A40 /* SAES */;
			targetProxy = EF0B9C5C2AA4ECD300B40A40 /* PBXContainerItemProxy */;
		};
		EF0B9C672AA4ECD300B40A40 /* PBXTargetDependency */ = {
			isa = PBXTargetDependency;
			target = EF0B9C492AA4ECD100B40A40 /* SAES */;
			targetProxy = EF0B9C662AA4ECD300B40A40 /* PBXContainerItemProxy */;
		};
/* End PBXTargetDependency section */

/* Begin XCBuildConfiguration section */
		EF0B9C6D2AA4ECD300B40A40 /* Debug */ = {
			isa = XCBuildConfiguration;
			buildSettings = {
				ALWAYS_SEARCH_USER_PATHS = NO;
				CLANG_ANALYZER_NONNULL = YES;
				CLANG_ANALYZER_NUMBER_OBJECT_CONVERSION = YES_AGGRESSIVE;
				CLANG_CXX_LANGUAGE_STANDARD = "gnu++20";
				CLANG_ENABLE_MODULES = YES;
				CLANG_ENABLE_OBJC_ARC = YES;
				CLANG_ENABLE_OBJC_WEAK = YES;
				CLANG_WARN_BLOCK_CAPTURE_AUTORELEASING = YES;
				CLANG_WARN_BOOL_CONVERSION = YES;
				CLANG_WARN_COMMA = YES;
				CLANG_WARN_CONSTANT_CONVERSION = YES;
				CLANG_WARN_DEPRECATED_OBJC_IMPLEMENTATIONS = YES;
				CLANG_WARN_DIRECT_OBJC_ISA_USAGE = YES_ERROR;
				CLANG_WARN_DOCUMENTATION_COMMENTS = YES;
				CLANG_WARN_EMPTY_BODY = YES;
				CLANG_WARN_ENUM_CONVERSION = YES;
				CLANG_WARN_INFINITE_RECURSION = YES;
				CLANG_WARN_INT_CONVERSION = YES;
				CLANG_WARN_NON_LITERAL_NULL_CONVERSION = YES;
				CLANG_WARN_OBJC_IMPLICIT_RETAIN_SELF = YES;
				CLANG_WARN_OBJC_LITERAL_CONVERSION = YES;
				CLANG_WARN_OBJC_ROOT_CLASS = YES_ERROR;
				CLANG_WARN_QUOTED_INCLUDE_IN_FRAMEWORK_HEADER = YES;
				CLANG_WARN_RANGE_LOOP_ANALYSIS = YES;
				CLANG_WARN_STRICT_PROTOTYPES = YES;
				CLANG_WARN_SUSPICIOUS_MOVE = YES;
				CLANG_WARN_UNGUARDED_AVAILABILITY = YES_AGGRESSIVE;
				CLANG_WARN_UNREACHABLE_CODE = YES;
				CLANG_WARN__DUPLICATE_METHOD_MATCH = YES;
				COPY_PHASE_STRIP = NO;
				DEBUG_INFORMATION_FORMAT = dwarf;
				ENABLE_STRICT_OBJC_MSGSEND = YES;
				ENABLE_TESTABILITY = YES;
				GCC_C_LANGUAGE_STANDARD = gnu11;
				GCC_DYNAMIC_NO_PIC = NO;
				GCC_NO_COMMON_BLOCKS = YES;
				GCC_OPTIMIZATION_LEVEL = 0;
				GCC_PREPROCESSOR_DEFINITIONS = (
					"DEBUG=1",
					"$(inherited)",
				);
				GCC_WARN_64_TO_32_BIT_CONVERSION = YES;
				GCC_WARN_ABOUT_RETURN_TYPE = YES_ERROR;
				GCC_WARN_UNDECLARED_SELECTOR = YES;
				GCC_WARN_UNINITIALIZED_AUTOS = YES_AGGRESSIVE;
				GCC_WARN_UNUSED_FUNCTION = YES;
				GCC_WARN_UNUSED_VARIABLE = YES;
				MTL_ENABLE_DEBUG_INFO = INCLUDE_SOURCE;
				MTL_FAST_MATH = YES;
				ONLY_ACTIVE_ARCH = YES;
				SWIFT_ACTIVE_COMPILATION_CONDITIONS = DEBUG;
				SWIFT_OPTIMIZATION_LEVEL = "-Onone";
			};
			name = Debug;
		};
		EF0B9C6E2AA4ECD300B40A40 /* Release */ = {
			isa = XCBuildConfiguration;
			buildSettings = {
				ALWAYS_SEARCH_USER_PATHS = NO;
				CLANG_ANALYZER_NONNULL = YES;
				CLANG_ANALYZER_NUMBER_OBJECT_CONVERSION = YES_AGGRESSIVE;
				CLANG_CXX_LANGUAGE_STANDARD = "gnu++20";
				CLANG_ENABLE_MODULES = YES;
				CLANG_ENABLE_OBJC_ARC = YES;
				CLANG_ENABLE_OBJC_WEAK = YES;
				CLANG_WARN_BLOCK_CAPTURE_AUTORELEASING = YES;
				CLANG_WARN_BOOL_CONVERSION = YES;
				CLANG_WARN_COMMA = YES;
				CLANG_WARN_CONSTANT_CONVERSION = YES;
				CLANG_WARN_DEPRECATED_OBJC_IMPLEMENTATIONS = YES;
				CLANG_WARN_DIRECT_OBJC_ISA_USAGE = YES_ERROR;
				CLANG_WARN_DOCUMENTATION_COMMENTS = YES;
				CLANG_WARN_EMPTY_BODY = YES;
				CLANG_WARN_ENUM_CONVERSION = YES;
				CLANG_WARN_INFINITE_RECURSION = YES;
				CLANG_WARN_INT_CONVERSION = YES;
				CLANG_WARN_NON_LITERAL_NULL_CONVERSION = YES;
				CLANG_WARN_OBJC_IMPLICIT_RETAIN_SELF = YES;
				CLANG_WARN_OBJC_LITERAL_CONVERSION = YES;
				CLANG_WARN_OBJC_ROOT_CLASS = YES_ERROR;
				CLANG_WARN_QUOTED_INCLUDE_IN_FRAMEWORK_HEADER = YES;
				CLANG_WARN_RANGE_LOOP_ANALYSIS = YES;
				CLANG_WARN_STRICT_PROTOTYPES = YES;
				CLANG_WARN_SUSPICIOUS_MOVE = YES;
				CLANG_WARN_UNGUARDED_AVAILABILITY = YES_AGGRESSIVE;
				CLANG_WARN_UNREACHABLE_CODE = YES;
				CLANG_WARN__DUPLICATE_METHOD_MATCH = YES;
				COPY_PHASE_STRIP = NO;
				DEBUG_INFORMATION_FORMAT = "dwarf-with-dsym";
				ENABLE_NS_ASSERTIONS = NO;
				ENABLE_STRICT_OBJC_MSGSEND = YES;
				GCC_C_LANGUAGE_STANDARD = gnu11;
				GCC_NO_COMMON_BLOCKS = YES;
				GCC_WARN_64_TO_32_BIT_CONVERSION = YES;
				GCC_WARN_ABOUT_RETURN_TYPE = YES_ERROR;
				GCC_WARN_UNDECLARED_SELECTOR = YES;
				GCC_WARN_UNINITIALIZED_AUTOS = YES_AGGRESSIVE;
				GCC_WARN_UNUSED_FUNCTION = YES;
				GCC_WARN_UNUSED_VARIABLE = YES;
				MTL_ENABLE_DEBUG_INFO = NO;
				MTL_FAST_MATH = YES;
				SWIFT_COMPILATION_MODE = wholemodule;
				SWIFT_OPTIMIZATION_LEVEL = "-O";
			};
			name = Release;
		};
		EF0B9C702AA4ECD300B40A40 /* Debug */ = {
			isa = XCBuildConfiguration;
			buildSettings = {
				ASSETCATALOG_COMPILER_APPICON_NAME = AppIcon;
				ASSETCATALOG_COMPILER_GLOBAL_ACCENT_COLOR_NAME = AccentColor;
				CODE_SIGN_ENTITLEMENTS = SAES/SAES.entitlements;
				CODE_SIGN_STYLE = Automatic;
				CURRENT_PROJECT_VERSION = 1;
				DEVELOPMENT_ASSET_PATHS = "";
				DEVELOPMENT_TEAM = 6W648Y39HX;
				ENABLE_HARDENED_RUNTIME = YES;
				ENABLE_PREVIEWS = YES;
				GENERATE_INFOPLIST_FILE = YES;
				"INFOPLIST_KEY_UIApplicationSceneManifest_Generation[sdk=iphoneos*]" = YES;
				"INFOPLIST_KEY_UIApplicationSceneManifest_Generation[sdk=iphonesimulator*]" = YES;
				"INFOPLIST_KEY_UIApplicationSupportsIndirectInputEvents[sdk=iphoneos*]" = YES;
				"INFOPLIST_KEY_UIApplicationSupportsIndirectInputEvents[sdk=iphonesimulator*]" = YES;
				"INFOPLIST_KEY_UILaunchScreen_Generation[sdk=iphoneos*]" = YES;
				"INFOPLIST_KEY_UILaunchScreen_Generation[sdk=iphonesimulator*]" = YES;
				"INFOPLIST_KEY_UIStatusBarStyle[sdk=iphoneos*]" = UIStatusBarStyleDefault;
				"INFOPLIST_KEY_UIStatusBarStyle[sdk=iphonesimulator*]" = UIStatusBarStyleDefault;
				INFOPLIST_KEY_UISupportedInterfaceOrientations_iPad = "UIInterfaceOrientationPortrait UIInterfaceOrientationPortraitUpsideDown UIInterfaceOrientationLandscapeLeft UIInterfaceOrientationLandscapeRight";
				INFOPLIST_KEY_UISupportedInterfaceOrientations_iPhone = "UIInterfaceOrientationPortrait UIInterfaceOrientationLandscapeLeft UIInterfaceOrientationLandscapeRight";
				IPHONEOS_DEPLOYMENT_TARGET = 16.4;
				LD_RUNPATH_SEARCH_PATHS = "@executable_path/Frameworks";
				"LD_RUNPATH_SEARCH_PATHS[sdk=macosx*]" = "@executable_path/../Frameworks";
				MACOSX_DEPLOYMENT_TARGET = 13.3;
				MARKETING_VERSION = 1.0;
				PRODUCT_BUNDLE_IDENTIFIER = "com.roncuevas.saes-app";
				PRODUCT_NAME = "$(TARGET_NAME)";
				SDKROOT = auto;
				SUPPORTED_PLATFORMS = "iphoneos iphonesimulator macosx";
				SWIFT_EMIT_LOC_STRINGS = YES;
				SWIFT_VERSION = 5.0;
				TARGETED_DEVICE_FAMILY = "1,2";
			};
			name = Debug;
		};
		EF0B9C712AA4ECD300B40A40 /* Release */ = {
			isa = XCBuildConfiguration;
			buildSettings = {
				ASSETCATALOG_COMPILER_APPICON_NAME = AppIcon;
				ASSETCATALOG_COMPILER_GLOBAL_ACCENT_COLOR_NAME = AccentColor;
				CODE_SIGN_ENTITLEMENTS = SAES/SAES.entitlements;
				CODE_SIGN_STYLE = Automatic;
				CURRENT_PROJECT_VERSION = 1;
				DEVELOPMENT_ASSET_PATHS = "";
				DEVELOPMENT_TEAM = 6W648Y39HX;
				ENABLE_HARDENED_RUNTIME = YES;
				ENABLE_PREVIEWS = YES;
				GENERATE_INFOPLIST_FILE = YES;
				"INFOPLIST_KEY_UIApplicationSceneManifest_Generation[sdk=iphoneos*]" = YES;
				"INFOPLIST_KEY_UIApplicationSceneManifest_Generation[sdk=iphonesimulator*]" = YES;
				"INFOPLIST_KEY_UIApplicationSupportsIndirectInputEvents[sdk=iphoneos*]" = YES;
				"INFOPLIST_KEY_UIApplicationSupportsIndirectInputEvents[sdk=iphonesimulator*]" = YES;
				"INFOPLIST_KEY_UILaunchScreen_Generation[sdk=iphoneos*]" = YES;
				"INFOPLIST_KEY_UILaunchScreen_Generation[sdk=iphonesimulator*]" = YES;
				"INFOPLIST_KEY_UIStatusBarStyle[sdk=iphoneos*]" = UIStatusBarStyleDefault;
				"INFOPLIST_KEY_UIStatusBarStyle[sdk=iphonesimulator*]" = UIStatusBarStyleDefault;
				INFOPLIST_KEY_UISupportedInterfaceOrientations_iPad = "UIInterfaceOrientationPortrait UIInterfaceOrientationPortraitUpsideDown UIInterfaceOrientationLandscapeLeft UIInterfaceOrientationLandscapeRight";
				INFOPLIST_KEY_UISupportedInterfaceOrientations_iPhone = "UIInterfaceOrientationPortrait UIInterfaceOrientationLandscapeLeft UIInterfaceOrientationLandscapeRight";
				IPHONEOS_DEPLOYMENT_TARGET = 16.4;
				LD_RUNPATH_SEARCH_PATHS = "@executable_path/Frameworks";
				"LD_RUNPATH_SEARCH_PATHS[sdk=macosx*]" = "@executable_path/../Frameworks";
				MACOSX_DEPLOYMENT_TARGET = 13.3;
				MARKETING_VERSION = 1.0;
				PRODUCT_BUNDLE_IDENTIFIER = "com.roncuevas.saes-app";
				PRODUCT_NAME = "$(TARGET_NAME)";
				SDKROOT = auto;
				SUPPORTED_PLATFORMS = "iphoneos iphonesimulator macosx";
				SWIFT_EMIT_LOC_STRINGS = YES;
				SWIFT_VERSION = 5.0;
				TARGETED_DEVICE_FAMILY = "1,2";
			};
			name = Release;
		};
		EF0B9C732AA4ECD300B40A40 /* Debug */ = {
			isa = XCBuildConfiguration;
			buildSettings = {
				ALWAYS_EMBED_SWIFT_STANDARD_LIBRARIES = YES;
				BUNDLE_LOADER = "$(TEST_HOST)";
				CODE_SIGN_STYLE = Automatic;
				CURRENT_PROJECT_VERSION = 1;
				DEVELOPMENT_TEAM = QFA5T399JD;
				GENERATE_INFOPLIST_FILE = YES;
				IPHONEOS_DEPLOYMENT_TARGET = 16.4;
				MACOSX_DEPLOYMENT_TARGET = 13.3;
				MARKETING_VERSION = 1.0;
				PRODUCT_BUNDLE_IDENTIFIER = com.roncuevas.SAESTests;
				PRODUCT_NAME = "$(TARGET_NAME)";
				SDKROOT = auto;
				SUPPORTED_PLATFORMS = "iphoneos iphonesimulator macosx";
				SWIFT_EMIT_LOC_STRINGS = NO;
				SWIFT_VERSION = 5.0;
				TARGETED_DEVICE_FAMILY = "1,2";
				TEST_HOST = "$(BUILT_PRODUCTS_DIR)/SAES.app/$(BUNDLE_EXECUTABLE_FOLDER_PATH)/SAES";
			};
			name = Debug;
		};
		EF0B9C742AA4ECD300B40A40 /* Release */ = {
			isa = XCBuildConfiguration;
			buildSettings = {
				ALWAYS_EMBED_SWIFT_STANDARD_LIBRARIES = YES;
				BUNDLE_LOADER = "$(TEST_HOST)";
				CODE_SIGN_STYLE = Automatic;
				CURRENT_PROJECT_VERSION = 1;
				DEVELOPMENT_TEAM = QFA5T399JD;
				GENERATE_INFOPLIST_FILE = YES;
				IPHONEOS_DEPLOYMENT_TARGET = 16.4;
				MACOSX_DEPLOYMENT_TARGET = 13.3;
				MARKETING_VERSION = 1.0;
				PRODUCT_BUNDLE_IDENTIFIER = com.roncuevas.SAESTests;
				PRODUCT_NAME = "$(TARGET_NAME)";
				SDKROOT = auto;
				SUPPORTED_PLATFORMS = "iphoneos iphonesimulator macosx";
				SWIFT_EMIT_LOC_STRINGS = NO;
				SWIFT_VERSION = 5.0;
				TARGETED_DEVICE_FAMILY = "1,2";
				TEST_HOST = "$(BUILT_PRODUCTS_DIR)/SAES.app/$(BUNDLE_EXECUTABLE_FOLDER_PATH)/SAES";
			};
			name = Release;
		};
		EF0B9C762AA4ECD300B40A40 /* Debug */ = {
			isa = XCBuildConfiguration;
			buildSettings = {
				ALWAYS_EMBED_SWIFT_STANDARD_LIBRARIES = YES;
				CODE_SIGN_STYLE = Automatic;
				CURRENT_PROJECT_VERSION = 1;
				DEVELOPMENT_TEAM = QFA5T399JD;
				GENERATE_INFOPLIST_FILE = YES;
				IPHONEOS_DEPLOYMENT_TARGET = 16.4;
				MACOSX_DEPLOYMENT_TARGET = 13.3;
				MARKETING_VERSION = 1.0;
				PRODUCT_BUNDLE_IDENTIFIER = com.roncuevas.SAESUITests;
				PRODUCT_NAME = "$(TARGET_NAME)";
				SDKROOT = auto;
				SUPPORTED_PLATFORMS = "iphoneos iphonesimulator macosx";
				SWIFT_EMIT_LOC_STRINGS = NO;
				SWIFT_VERSION = 5.0;
				TARGETED_DEVICE_FAMILY = "1,2";
				TEST_TARGET_NAME = SAES;
			};
			name = Debug;
		};
		EF0B9C772AA4ECD300B40A40 /* Release */ = {
			isa = XCBuildConfiguration;
			buildSettings = {
				ALWAYS_EMBED_SWIFT_STANDARD_LIBRARIES = YES;
				CODE_SIGN_STYLE = Automatic;
				CURRENT_PROJECT_VERSION = 1;
				DEVELOPMENT_TEAM = QFA5T399JD;
				GENERATE_INFOPLIST_FILE = YES;
				IPHONEOS_DEPLOYMENT_TARGET = 16.4;
				MACOSX_DEPLOYMENT_TARGET = 13.3;
				MARKETING_VERSION = 1.0;
				PRODUCT_BUNDLE_IDENTIFIER = com.roncuevas.SAESUITests;
				PRODUCT_NAME = "$(TARGET_NAME)";
				SDKROOT = auto;
				SUPPORTED_PLATFORMS = "iphoneos iphonesimulator macosx";
				SWIFT_EMIT_LOC_STRINGS = NO;
				SWIFT_VERSION = 5.0;
				TARGETED_DEVICE_FAMILY = "1,2";
				TEST_TARGET_NAME = SAES;
			};
			name = Release;
		};
/* End XCBuildConfiguration section */

/* Begin XCConfigurationList section */
		EF0B9C452AA4ECD100B40A40 /* Build configuration list for PBXProject "SAES" */ = {
			isa = XCConfigurationList;
			buildConfigurations = (
				EF0B9C6D2AA4ECD300B40A40 /* Debug */,
				EF0B9C6E2AA4ECD300B40A40 /* Release */,
			);
			defaultConfigurationIsVisible = 0;
			defaultConfigurationName = Release;
		};
		EF0B9C6F2AA4ECD300B40A40 /* Build configuration list for PBXNativeTarget "SAES" */ = {
			isa = XCConfigurationList;
			buildConfigurations = (
				EF0B9C702AA4ECD300B40A40 /* Debug */,
				EF0B9C712AA4ECD300B40A40 /* Release */,
			);
			defaultConfigurationIsVisible = 0;
			defaultConfigurationName = Release;
		};
		EF0B9C722AA4ECD300B40A40 /* Build configuration list for PBXNativeTarget "SAESTests" */ = {
			isa = XCConfigurationList;
			buildConfigurations = (
				EF0B9C732AA4ECD300B40A40 /* Debug */,
				EF0B9C742AA4ECD300B40A40 /* Release */,
			);
			defaultConfigurationIsVisible = 0;
			defaultConfigurationName = Release;
		};
		EF0B9C752AA4ECD300B40A40 /* Build configuration list for PBXNativeTarget "SAESUITests" */ = {
			isa = XCConfigurationList;
			buildConfigurations = (
				EF0B9C762AA4ECD300B40A40 /* Debug */,
				EF0B9C772AA4ECD300B40A40 /* Release */,
			);
			defaultConfigurationIsVisible = 0;
			defaultConfigurationName = Release;
		};
/* End XCConfigurationList section */

/* Begin XCRemoteSwiftPackageReference section */
		EF0B9C812AA4F26400B40A40 /* XCRemoteSwiftPackageReference "lottie-spm" */ = {
			isa = XCRemoteSwiftPackageReference;
			repositoryURL = "https://github.com/airbnb/lottie-spm.git";
			requirement = {
				kind = upToNextMajorVersion;
				minimumVersion = 4.0.0;
			};
		};
		FBF652E42BA5A1870085C773 /* XCRemoteSwiftPackageReference "Routing" */ = {
			isa = XCRemoteSwiftPackageReference;
			repositoryURL = "https://github.com/JamesSedlacek/Routing.git";
			requirement = {
				branch = main;
				kind = branch;
			};
		};
/* End XCRemoteSwiftPackageReference section */

/* Begin XCSwiftPackageProductDependency section */
		EF0B9C822AA4F26400B40A40 /* Lottie */ = {
			isa = XCSwiftPackageProductDependency;
			package = EF0B9C812AA4F26400B40A40 /* XCRemoteSwiftPackageReference "lottie-spm" */;
			productName = Lottie;
		};
		FBF652E52BA5A1870085C773 /* Routing */ = {
			isa = XCSwiftPackageProductDependency;
			package = FBF652E42BA5A1870085C773 /* XCRemoteSwiftPackageReference "Routing" */;
			productName = Routing;
		};
/* End XCSwiftPackageProductDependency section */
	};
	rootObject = EF0B9C422AA4ECD100B40A40 /* Project object */;
}
