{
  "originHash" : "b3c365f48d388d80806d94cbe0f52c113ce0e7b237beaa4df65a249cfe78f581",
  "pins" : [
    {
      "identity" : "alamofire",
      "kind" : "remoteSourceControl",
      "location" : "https://github.com/Alamofire/Alamofire.git",
      "state" : {
        "revision" : "f455c2975872ccd2d9c81594c658af65716e9b9a",
        "version" : "5.9.1"
      }
    },
    {
      "identity" : "inject",
      "kind" : "remoteSourceControl",
      "location" : "https://github.com/krzysztofzablocki/Inject.git",
      "state" : {
        "revision" : "728c56639ecb3df441d51d5bc6747329afabcfc9",
        "version" : "1.5.2"
      }
    },
    {
      "identity" : "lottie-spm",
      "kind" : "remoteSourceControl",
      "location" : "https://github.com/airbnb/lottie-spm.git",
      "state" : {
        "revision" : "8c6edf4f0fa84fe9c058600a4295eb0c01661c69",
        "version" : "4.5.1"
      }
    },
    {
      "identity" : "posthog-ios",
      "kind" : "remoteSourceControl",
      "location" : "https://github.com/PostHog/posthog-ios.git",
      "state" : {
        "revision" : "05881a33f6445970ad5d8f61bdef85536b4cd7e3",
        "version" : "3.20.0"
      }
    },
    {
      "identity" : "routing",
      "kind" : "remoteSourceControl",
      "location" : "https://github.com/JamesSedlacek/Routing.git",
      "state" : {
        "branch" : "main",
        "revision" : "84e3729c7771ba631cd4966cab3fd88054fc5f53"
      }
    },
    {
      "identity" : "splashscreenamc",
      "kind" : "remoteSourceControl",
      "location" : "https://github.com/roncuevas/SplashScreenAMC.git",
      "state" : {
        "branch" : "main",
        "revision" : "756ebd2a5cbbdf16e5004e5654b699b83f9d6756"
      }
    }
  ],
  "version" : 3
}
