{
  "originHash" : "e0b164a304c0e7ad81d12e0e93f5e3a0bef7e334843aeac5c60f248550f5efeb",
  "pins" : [
    {
      "identity" : "abseil-cpp-binary",
      "kind" : "remoteSourceControl",
      "location" : "https://github.com/google/abseil-cpp-binary.git",
      "state" : {
        "revision" : "bbe8b69694d7873315fd3a4ad41efe043e1c07c5",
        "version" : "1.2024072200.0"
      }
    },
    {
      "identity" : "alamofire",
      "kind" : "remoteSourceControl",
      "location" : "https://github.com/Alamofire/Alamofire.git",
      "state" : {
        "revision" : "f455c2975872ccd2d9c81594c658af65716e9b9a",
        "version" : "5.9.1"
      }
    },
    {
      "identity" : "app-check",
      "kind" : "remoteSourceControl",
      "location" : "https://github.com/google/app-check.git",
      "state" : {
        "revision" : "61b85103a1aeed8218f17c794687781505fbbef5",
        "version" : "11.2.0"
      }
    },
    {
      "identity" : "firebase-ios-sdk",
      "kind" : "remoteSourceControl",
      "location" : "https://github.com/firebase/firebase-ios-sdk",
      "state" : {
        "revision" : "d1f7c7e8eaa74d7e44467184dc5f592268247d33",
        "version" : "11.11.0"
      }
    },
    {
      "identity" : "googleappmeasurement",
      "kind" : "remoteSourceControl",
      "location" : "https://github.com/google/GoogleAppMeasurement.git",
      "state" : {
        "revision" : "dd89fc79a77183830742a16866d87e4e54785734",
        "version" : "11.11.0"
      }
    },
    {
      "identity" : "googledatatransport",
      "kind" : "remoteSourceControl",
      "location" : "https://github.com/google/GoogleDataTransport.git",
      "state" : {
        "revision" : "617af071af9aa1d6a091d59a202910ac482128f9",
        "version" : "10.1.0"
      }
    },
    {
      "identity" : "googleutilities",
      "kind" : "remoteSourceControl",
      "location" : "https://github.com/google/GoogleUtilities.git",
      "state" : {
        "revision" : "53156c7ec267db846e6b64c9f4c4e31ba4cf75eb",
        "version" : "8.0.2"
      }
    },
    {
      "identity" : "grpc-binary",
      "kind" : "remoteSourceControl",
      "location" : "https://github.com/google/grpc-binary.git",
      "state" : {
        "revision" : "cc0001a0cf963aa40501d9c2b181e7fc9fd8ec71",
        "version" : "1.69.0"
      }
    },
    {
      "identity" : "gtm-session-fetcher",
      "kind" : "remoteSourceControl",
      "location" : "https://github.com/google/gtm-session-fetcher.git",
      "state" : {
        "revision" : "4d70340d55d7d07cc2fdf8e8125c4c126c1d5f35",
        "version" : "4.4.0"
      }
    },
    {
      "identity" : "inject",
      "kind" : "remoteSourceControl",
      "location" : "https://github.com/krzysztofzablocki/Inject.git",
      "state" : {
        "revision" : "728c56639ecb3df441d51d5bc6747329afabcfc9",
        "version" : "1.5.2"
      }
    },
    {
      "identity" : "interop-ios-for-google-sdks",
      "kind" : "remoteSourceControl",
      "location" : "https://github.com/google/interop-ios-for-google-sdks.git",
      "state" : {
        "revision" : "040d087ac2267d2ddd4cca36c757d1c6a05fdbfe",
        "version" : "101.0.0"
      }
    },
    {
      "identity" : "leveldb",
      "kind" : "remoteSourceControl",
      "location" : "https://github.com/firebase/leveldb.git",
      "state" : {
        "revision" : "a0bc79961d7be727d258d33d5a6b2f1023270ba1",
        "version" : "1.22.5"
      }
    },
    {
      "identity" : "lottie-spm",
      "kind" : "remoteSourceControl",
      "location" : "https://github.com/airbnb/lottie-spm.git",
      "state" : {
        "revision" : "8c6edf4f0fa84fe9c058600a4295eb0c01661c69",
        "version" : "4.5.1"
      }
    },
    {
      "identity" : "nanopb",
      "kind" : "remoteSourceControl",
      "location" : "https://github.com/firebase/nanopb.git",
      "state" : {
        "revision" : "b7e1104502eca3a213b46303391ca4d3bc8ddec1",
        "version" : "2.30910.0"
      }
    },
    {
      "identity" : "promises",
      "kind" : "remoteSourceControl",
      "location" : "https://github.com/google/promises.git",
      "state" : {
        "revision" : "540318ecedd63d883069ae7f1ed811a2df00b6ac",
        "version" : "2.4.0"
      }
    },
    {
      "identity" : "routing",
      "kind" : "remoteSourceControl",
      "location" : "https://github.com/JamesSedlacek/Routing.git",
      "state" : {
        "branch" : "main",
        "revision" : "84e3729c7771ba631cd4966cab3fd88054fc5f53"
      }
    },
    {
      "identity" : "splashscreenamc",
      "kind" : "remoteSourceControl",
      "location" : "https://github.com/roncuevas/SplashScreenAMC.git",
      "state" : {
        "branch" : "main",
        "revision" : "756ebd2a5cbbdf16e5004e5654b699b83f9d6756"
      }
    },
    {
      "identity" : "swift-protobuf",
      "kind" : "remoteSourceControl",
      "location" : "https://github.com/apple/swift-protobuf.git",
      "state" : {
        "revision" : "d72aed98f8253ec1aa9ea1141e28150f408cf17f",
        "version" : "1.29.0"
      }
    },
    {
      "identity" : "swiftsoup",
      "kind" : "remoteSourceControl",
      "location" : "https://github.com/scinfu/SwiftSoup.git",
      "state" : {
        "revision" : "64e4daa41b0f22affa94a6063d509c137c26909c",
        "version" : "2.8.5"
      }
    }
  ],
  "version" : 3
}
