{
  "originHash" : "ca4cacb71e66d950dcae7466b8cab51ec4bcaeafc14f2a276eaa64f918068559",
  "pins" : [
    {
      "identity" : "alamofire",
      "kind" : "remoteSourceControl",
      "location" : "https://github.com/Alamofire/Alamofire.git",
      "state" : {
        "revision" : "f455c2975872ccd2d9c81594c658af65716e9b9a",
        "version" : "5.9.1"
      }
    },
    {
      "identity" : "lookinserver",
      "kind" : "remoteSourceControl",
      "location" : "https://github.com/QMUI/LookinServer/",
      "state" : {
        "revision" : "985e8afe77aa2f3fab599da4f9882f6e43eed919",
        "version" : "1.2.7"
      }
    },
    {
      "identity" : "lottie-spm",
      "kind" : "remoteSourceControl",
      "location" : "https://github.com/airbnb/lottie-spm.git",
      "state" : {
        "revision" : "8c6edf4f0fa84fe9c058600a4295eb0c01661c69",
        "version" : "4.5.1"
      }
    },
    {
      "identity" : "realm-core",
      "kind" : "remoteSourceControl",
      "location" : "https://github.com/realm/realm-core.git",
      "state" : {
        "revision" : "85eeca41654cc9070ad81a21a4b1d153ad467c33",
        "version" : "14.13.1"
      }
    },
    {
      "identity" : "realm-swift",
      "kind" : "remoteSourceControl",
      "location" : "https://github.com/realm/realm-swift.git",
      "state" : {
        "branch" : "master",
        "revision" : "1f09fb14dd9d275b5686016fe8508d491b87cb0b"
      }
    },
    {
      "identity" : "routing",
      "kind" : "remoteSourceControl",
      "location" : "https://github.com/JamesSedlacek/Routing.git",
      "state" : {
        "branch" : "main",
        "revision" : "84e3729c7771ba631cd4966cab3fd88054fc5f53"
      }
    },
    {
      "identity" : "splashscreenamc",
      "kind" : "remoteSourceControl",
      "location" : "https://github.com/roncuevas/SplashScreenAMC.git",
      "state" : {
        "branch" : "main",
        "revision" : "756ebd2a5cbbdf16e5004e5654b699b83f9d6756"
      }
    },
    {
      "identity" : "webviewamc",
      "kind" : "remoteSourceControl",
      "location" : "https://github.com/roncuevas/WebViewAMC.git",
      "state" : {
        "branch" : "main",
        "revision" : "83cf5b073adde570dbda591a7d136f080f2af897"
      }
    }
  ],
  "version" : 3
}
